{
  "object": {
    "pins": [
      {
        "package": "AnyCodable",
        "repositoryURL": "https://github.com/Flight-School/AnyCodable",
        "state": {
          "branch": null,
          "revision": "f9fda69a7b704d46fb5123005f2f7e43dbb8a0fa",
          "version": "0.6.5"
        }
      },
      {
        "package": "Get",
        "repositoryURL": "https://github.com/kean/Get",
        "state": {
          "branch": null,
          "revision": "d2ded8526d647a8ca25905025cd5503dfe51e874",
          "version": "2.0.0"
        }
      },
      {
        "package": "GoTrue",
        "repositoryURL": "https://github.com/supabase-community/gotrue-swift",
        "state": {
          "branch": null,
          "revision": "5947f9c2deac0b0dadbc04609fd05619e77bcfd4",
          "version": "0.0.8"
        }
      },
      {
        "package": "KeychainAccess",
        "repositoryURL": "https://github.com/kishikawakatsumi/KeychainAccess",
        "state": {
          "branch": null,
          "revision": "84e546727d66f1adc5439debad16270d0fdd04e7",
          "version": "4.2.2"
        }
      },
      {
        "package": "PostgREST",
        "repositoryURL": "https://github.com/supabase-community/postgrest-swift",
        "state": {
          "branch": null,
          "revision": "e949f57873118a44f301e4e6fee739ea589f6e7f",
          "version": "0.0.6"
        }
      },
      {
        "package": "Realtime",
        "repositoryURL": "https://github.com/supabase-community/realtime-swift.git",
        "state": {
          "branch": null,
          "revision": "2b55564e1a724ca62067b0dc76e5e69439c30b76",
          "version": "0.0.1"
        }
      },
      {
        "package": "Starscream",
        "repositoryURL": "https://github.com/daltoniam/Starscream.git",
        "state": {
          "branch": null,
          "revision": "e6b65c6d9077ea48b4a7bdda8994a1d3c6969c8d",
          "version": "3.1.1"
        }
      },
      {
        "package": "SupabaseStorage",
        "repositoryURL": "https://github.com/supabase-community/storage-swift.git",
        "state": {
          "branch": null,
          "revision": "ebb1ee7370ec0d50bcfb38ce05279e1475aebbf8",
          "version": "0.0.2"
        }
      },
      {
        "package": "ComposableKeychain",
        "repositoryURL": "https://github.com/binaryscraping/swift-composable-keychain",
        "state": {
          "branch": null,
          "revision": "3ebddfe9e9232218bada99ab6d6b3ca1fd94f112",
          "version": "0.0.2"
        }
      },
      {
        "package": "swift-nio-zlib-support",
        "repositoryURL": "https://github.com/apple/swift-nio-zlib-support.git",
        "state": {
          "branch": null,
          "revision": "37760e9a52030bb9011972c5213c3350fa9d41fd",
          "version": "1.0.0"
        }
      },
      {
        "package": "URLQueryEncoder",
        "repositoryURL": "https://github.com/kean/URLQueryEncoder",
        "state": {
          "branch": null,
          "revision": "4cc975d4d075d0e62699a796a08284e217d4ee93",
          "version": "0.2.0"
        }
      },
      {
        "package": "xctest-dynamic-overlay",
        "repositoryURL": "https://github.com/pointfreeco/xctest-dynamic-overlay",
        "state": {
          "branch": null,
          "revision": "38bc9242e4388b80bd23ddfdf3071428859e3260",
          "version": "0.4.0"
        }
      }
    ]
  },
  "version": 1
}
