// !$*UTF8*$!
{
	archiveVersion = 1;
	classes = {
	};
	objectVersion = 56;
	objects = {

/* Begin PBXBuildFile section */
		79018ACF2AE1D6CF006EA669 /* DeleteProductUseCase.swift in Sources */ = {isa = PBXBuildFile; fileRef = 79018ACE2AE1D6CF006EA669 /* DeleteProductUseCase.swift */; };
		79018AD12AE1D775006EA669 /* GetProductsUseCase.swift in Sources */ = {isa = PBXBuildFile; fileRef = 79018AD02AE1D775006EA669 /* GetProductsUseCase.swift */; };
		79018ADB2AE1DAF2006EA669 /* AuthView.swift in Sources */ = {isa = PBXBuildFile; fileRef = 79018ADA2AE1DAF2006EA669 /* AuthView.swift */; };
		79018ADE2AE1DB03006EA669 /* AuthViewModel.swift in Sources */ = {isa = PBXBuildFile; fileRef = 79018ADD2AE1DB03006EA669 /* AuthViewModel.swift */; };
		79018AE02AE309EE006EA669 /* SignInUseCase.swift in Sources */ = {isa = PBXBuildFile; fileRef = 79018ADF2AE309EE006EA669 /* SignInUseCase.swift */; };
		79018AE42AE3F185006EA669 /* Routes.swift in Sources */ = {isa = PBXBuildFile; fileRef = 79018AE32AE3F185006EA669 /* Routes.swift */; };
		79018AE62AE3F1E4006EA669 /* Auth.swift in Sources */ = {isa = PBXBuildFile; fileRef = 79018AE52AE3F1E4006EA669 /* Auth.swift */; };
		79018AE82AE3F1F3006EA669 /* SignUpUseCase.swift in Sources */ = {isa = PBXBuildFile; fileRef = 79018AE72AE3F1F3006EA669 /* SignUpUseCase.swift */; };
		790308DE2AED4F81003C4A98 /* Logger.swift in Sources */ = {isa = PBXBuildFile; fileRef = 790308DD2AED4F81003C4A98 /* Logger.swift */; };
		790308E12AED51FA003C4A98 /* AsyncButton.swift in Sources */ = {isa = PBXBuildFile; fileRef = 790308E02AED51FA003C4A98 /* AsyncButton.swift */; };
		790308E92AEE7B4D003C4A98 /* RealtimeSampleApp.swift in Sources */ = {isa = PBXBuildFile; fileRef = 790308E82AEE7B4D003C4A98 /* RealtimeSampleApp.swift */; };
		790308EB2AEE7B4D003C4A98 /* ContentView.swift in Sources */ = {isa = PBXBuildFile; fileRef = 790308EA2AEE7B4D003C4A98 /* ContentView.swift */; };
		790308ED2AEE7B4E003C4A98 /* Assets.xcassets in Resources */ = {isa = PBXBuildFile; fileRef = 790308EC2AEE7B4E003C4A98 /* Assets.xcassets */; };
		790308F02AEE7B4E003C4A98 /* Preview Assets.xcassets in Resources */ = {isa = PBXBuildFile; fileRef = 790308EF2AEE7B4E003C4A98 /* Preview Assets.xcassets */; };
		790308F62AEE7B5B003C4A98 /* Realtime in Frameworks */ = {isa = PBXBuildFile; productRef = 790308F52AEE7B5B003C4A98 /* Realtime */; };
		793895CA2954ABFF0044F2B8 /* ExamplesApp.swift in Sources */ = {isa = PBXBuildFile; fileRef = 793895C92954ABFF0044F2B8 /* ExamplesApp.swift */; };
		793895CC2954ABFF0044F2B8 /* RootView.swift in Sources */ = {isa = PBXBuildFile; fileRef = 793895CB2954ABFF0044F2B8 /* RootView.swift */; };
		793895CE2954AC000044F2B8 /* Assets.xcassets in Resources */ = {isa = PBXBuildFile; fileRef = 793895CD2954AC000044F2B8 /* Assets.xcassets */; };
		793895D22954AC000044F2B8 /* Preview Assets.xcassets in Resources */ = {isa = PBXBuildFile; fileRef = 793895D12954AC000044F2B8 /* Preview Assets.xcassets */; };
		794EF1222955F26A008C9526 /* AddTodoListView.swift in Sources */ = {isa = PBXBuildFile; fileRef = 794EF1212955F26A008C9526 /* AddTodoListView.swift */; };
		794EF1242955F3DE008C9526 /* TodoListRow.swift in Sources */ = {isa = PBXBuildFile; fileRef = 794EF1232955F3DE008C9526 /* TodoListRow.swift */; };
		7956405E2954ADE00088A06F /* Secrets.swift in Sources */ = {isa = PBXBuildFile; fileRef = 7956405D2954ADE00088A06F /* Secrets.swift */; };
		795640602954AE140088A06F /* AuthView.swift in Sources */ = {isa = PBXBuildFile; fileRef = 7956405F2954AE140088A06F /* AuthView.swift */; };
		795640622955AD2B0088A06F /* HomeView.swift in Sources */ = {isa = PBXBuildFile; fileRef = 795640612955AD2B0088A06F /* HomeView.swift */; };
		795640662955AE9C0088A06F /* TodoListView.swift in Sources */ = {isa = PBXBuildFile; fileRef = 795640652955AE9C0088A06F /* TodoListView.swift */; };
		795640682955AEB30088A06F /* Models.swift in Sources */ = {isa = PBXBuildFile; fileRef = 795640672955AEB30088A06F /* Models.swift */; };
		7956406A2955AFBD0088A06F /* ErrorText.swift in Sources */ = {isa = PBXBuildFile; fileRef = 795640692955AFBD0088A06F /* ErrorText.swift */; };
		7956406D2955B3500088A06F /* SwiftUINavigation in Frameworks */ = {isa = PBXBuildFile; productRef = 7956406C2955B3500088A06F /* SwiftUINavigation */; };
		795640702955B5190088A06F /* IdentifiedCollections in Frameworks */ = {isa = PBXBuildFile; productRef = 7956406F2955B5190088A06F /* IdentifiedCollections */; };
		796298992AEBBA77000AA957 /* MFAFlow.swift in Sources */ = {isa = PBXBuildFile; fileRef = 796298982AEBBA77000AA957 /* MFAFlow.swift */; };
		7962989D2AEBC6F9000AA957 /* SVGView in Frameworks */ = {isa = PBXBuildFile; productRef = 7962989C2AEBC6F9000AA957 /* SVGView */; };
		79719ECE2ADF26C400737804 /* Supabase in Frameworks */ = {isa = PBXBuildFile; productRef = 79719ECD2ADF26C400737804 /* Supabase */; };
		79C591DC2AE0880F0088A9C8 /* ProductSampleApp.swift in Sources */ = {isa = PBXBuildFile; fileRef = 79C591DB2AE0880F0088A9C8 /* ProductSampleApp.swift */; };
		79C591DE2AE0880F0088A9C8 /* AppView.swift in Sources */ = {isa = PBXBuildFile; fileRef = 79C591DD2AE0880F0088A9C8 /* AppView.swift */; };
		79C591E02AE088110088A9C8 /* Assets.xcassets in Resources */ = {isa = PBXBuildFile; fileRef = 79C591DF2AE088110088A9C8 /* Assets.xcassets */; };
		79C591E32AE088110088A9C8 /* Preview Assets.xcassets in Resources */ = {isa = PBXBuildFile; fileRef = 79C591E22AE088110088A9C8 /* Preview Assets.xcassets */; };
		79C591E82AE088250088A9C8 /* Supabase in Frameworks */ = {isa = PBXBuildFile; productRef = 79C591E72AE088250088A9C8 /* Supabase */; };
		79C591EA2AE089230088A9C8 /* Product.swift in Sources */ = {isa = PBXBuildFile; fileRef = 79C591E92AE089230088A9C8 /* Product.swift */; };
		79C591EC2AE089510088A9C8 /* ProductRepository.swift in Sources */ = {isa = PBXBuildFile; fileRef = 79C591EB2AE089510088A9C8 /* ProductRepository.swift */; };
		79C591EE2AE1258B0088A9C8 /* AuthenticationRepository.swift in Sources */ = {isa = PBXBuildFile; fileRef = 79C591ED2AE1258B0088A9C8 /* AuthenticationRepository.swift */; };
		79C591F02AE126120088A9C8 /* ProductListViewModel.swift in Sources */ = {isa = PBXBuildFile; fileRef = 79C591EF2AE126120088A9C8 /* ProductListViewModel.swift */; };
		79C591F22AE127180088A9C8 /* ProductListView.swift in Sources */ = {isa = PBXBuildFile; fileRef = 79C591F12AE127180088A9C8 /* ProductListView.swift */; };
		79C591F62AE12AAC0088A9C8 /* ProductDetailsViewModel.swift in Sources */ = {isa = PBXBuildFile; fileRef = 79C591F52AE12AAC0088A9C8 /* ProductDetailsViewModel.swift */; };
		79C591F82AE12B850088A9C8 /* ProductDetailsView.swift in Sources */ = {isa = PBXBuildFile; fileRef = 79C591F72AE12B850088A9C8 /* ProductDetailsView.swift */; };
		79C591FB2AE12FDE0088A9C8 /* UseCase.swift in Sources */ = {isa = PBXBuildFile; fileRef = 79C591FA2AE12FDE0088A9C8 /* UseCase.swift */; };
		79C591FD2AE152590088A9C8 /* Config.plist in Resources */ = {isa = PBXBuildFile; fileRef = 79C591FC2AE152590088A9C8 /* Config.plist */; };
		79C591FF2AE1527C0088A9C8 /* Config.swift in Sources */ = {isa = PBXBuildFile; fileRef = 79C591FE2AE1527C0088A9C8 /* Config.swift */; };
		79C592012AE1561D0088A9C8 /* Dependencies.swift in Sources */ = {isa = PBXBuildFile; fileRef = 79C592002AE1561D0088A9C8 /* Dependencies.swift */; };
		79C592042AE159130088A9C8 /* CreateProductUseCase.swift in Sources */ = {isa = PBXBuildFile; fileRef = 79C592032AE159130088A9C8 /* CreateProductUseCase.swift */; };
		79C592062AE159250088A9C8 /* UpdateProductUseCase.swift in Sources */ = {isa = PBXBuildFile; fileRef = 79C592052AE159250088A9C8 /* UpdateProductUseCase.swift */; };
		79C592082AE159390088A9C8 /* GetProductUseCase.swift in Sources */ = {isa = PBXBuildFile; fileRef = 79C592072AE159390088A9C8 /* GetProductUseCase.swift */; };
		79C5920A2AE159E20088A9C8 /* Logger.swift in Sources */ = {isa = PBXBuildFile; fileRef = 79C592092AE159E20088A9C8 /* Logger.swift */; };
		79C5920C2AE1B8820088A9C8 /* Result.swift in Sources */ = {isa = PBXBuildFile; fileRef = 79C5920B2AE1B8820088A9C8 /* Result.swift */; };
		79C592112AE1CD040088A9C8 /* ProductImageStorageRepository.swift in Sources */ = {isa = PBXBuildFile; fileRef = 79C592102AE1CD040088A9C8 /* ProductImageStorageRepository.swift */; };
/* End PBXBuildFile section */

/* Begin PBXFileReference section */
		79018ACE2AE1D6CF006EA669 /* DeleteProductUseCase.swift */ = {isa = PBXFileReference; lastKnownFileType = sourcecode.swift; path = DeleteProductUseCase.swift; sourceTree = "<group>"; };
		79018AD02AE1D775006EA669 /* GetProductsUseCase.swift */ = {isa = PBXFileReference; lastKnownFileType = sourcecode.swift; path = GetProductsUseCase.swift; sourceTree = "<group>"; };
		79018ADA2AE1DAF2006EA669 /* AuthView.swift */ = {isa = PBXFileReference; lastKnownFileType = sourcecode.swift; path = AuthView.swift; sourceTree = "<group>"; };
		79018ADD2AE1DB03006EA669 /* AuthViewModel.swift */ = {isa = PBXFileReference; lastKnownFileType = sourcecode.swift; path = AuthViewModel.swift; sourceTree = "<group>"; };
		79018ADF2AE309EE006EA669 /* SignInUseCase.swift */ = {isa = PBXFileReference; lastKnownFileType = sourcecode.swift; path = SignInUseCase.swift; sourceTree = "<group>"; };
		79018AE12AE3D0E3006EA669 /* Info.plist */ = {isa = PBXFileReference; lastKnownFileType = text.plist.xml; path = Info.plist; sourceTree = "<group>"; };
		79018AE32AE3F185006EA669 /* Routes.swift */ = {isa = PBXFileReference; lastKnownFileType = sourcecode.swift; path = Routes.swift; sourceTree = "<group>"; };
		79018AE52AE3F1E4006EA669 /* Auth.swift */ = {isa = PBXFileReference; lastKnownFileType = sourcecode.swift; path = Auth.swift; sourceTree = "<group>"; };
		79018AE72AE3F1F3006EA669 /* SignUpUseCase.swift */ = {isa = PBXFileReference; lastKnownFileType = sourcecode.swift; path = SignUpUseCase.swift; sourceTree = "<group>"; };
		790308DD2AED4F81003C4A98 /* Logger.swift */ = {isa = PBXFileReference; lastKnownFileType = sourcecode.swift; path = Logger.swift; sourceTree = "<group>"; };
		790308E02AED51FA003C4A98 /* AsyncButton.swift */ = {isa = PBXFileReference; lastKnownFileType = sourcecode.swift; path = AsyncButton.swift; sourceTree = "<group>"; };
		790308E62AEE7B4D003C4A98 /* RealtimeSample.app */ = {isa = PBXFileReference; explicitFileType = wrapper.application; includeInIndex = 0; path = RealtimeSample.app; sourceTree = BUILT_PRODUCTS_DIR; };
		790308E82AEE7B4D003C4A98 /* RealtimeSampleApp.swift */ = {isa = PBXFileReference; lastKnownFileType = sourcecode.swift; path = RealtimeSampleApp.swift; sourceTree = "<group>"; };
		790308EA2AEE7B4D003C4A98 /* ContentView.swift */ = {isa = PBXFileReference; lastKnownFileType = sourcecode.swift; path = ContentView.swift; sourceTree = "<group>"; };
		790308EC2AEE7B4E003C4A98 /* Assets.xcassets */ = {isa = PBXFileReference; lastKnownFileType = folder.assetcatalog; path = Assets.xcassets; sourceTree = "<group>"; };
		790308EF2AEE7B4E003C4A98 /* Preview Assets.xcassets */ = {isa = PBXFileReference; lastKnownFileType = folder.assetcatalog; path = "Preview Assets.xcassets"; sourceTree = "<group>"; };
		790308F12AEE7B4E003C4A98 /* RealtimeSample.entitlements */ = {isa = PBXFileReference; lastKnownFileType = text.plist.entitlements; path = RealtimeSample.entitlements; sourceTree = "<group>"; };
		793895C62954ABFF0044F2B8 /* Examples.app */ = {isa = PBXFileReference; explicitFileType = wrapper.application; includeInIndex = 0; path = Examples.app; sourceTree = BUILT_PRODUCTS_DIR; };
		793895C92954ABFF0044F2B8 /* ExamplesApp.swift */ = {isa = PBXFileReference; lastKnownFileType = sourcecode.swift; path = ExamplesApp.swift; sourceTree = "<group>"; };
		793895CB2954ABFF0044F2B8 /* RootView.swift */ = {isa = PBXFileReference; lastKnownFileType = sourcecode.swift; path = RootView.swift; sourceTree = "<group>"; };
		793895CD2954AC000044F2B8 /* Assets.xcassets */ = {isa = PBXFileReference; lastKnownFileType = folder.assetcatalog; path = Assets.xcassets; sourceTree = "<group>"; };
		793895CF2954AC000044F2B8 /* Examples.entitlements */ = {isa = PBXFileReference; lastKnownFileType = text.plist.entitlements; path = Examples.entitlements; sourceTree = "<group>"; };
		793895D12954AC000044F2B8 /* Preview Assets.xcassets */ = {isa = PBXFileReference; lastKnownFileType = folder.assetcatalog; path = "Preview Assets.xcassets"; sourceTree = "<group>"; };
		794EF1212955F26A008C9526 /* AddTodoListView.swift */ = {isa = PBXFileReference; lastKnownFileType = sourcecode.swift; path = AddTodoListView.swift; sourceTree = "<group>"; };
		794EF1232955F3DE008C9526 /* TodoListRow.swift */ = {isa = PBXFileReference; lastKnownFileType = sourcecode.swift; path = TodoListRow.swift; sourceTree = "<group>"; };
		7956405D2954ADE00088A06F /* Secrets.swift */ = {isa = PBXFileReference; lastKnownFileType = sourcecode.swift; path = Secrets.swift; sourceTree = "<group>"; };
		7956405F2954AE140088A06F /* AuthView.swift */ = {isa = PBXFileReference; lastKnownFileType = sourcecode.swift; path = AuthView.swift; sourceTree = "<group>"; };
		795640612955AD2B0088A06F /* HomeView.swift */ = {isa = PBXFileReference; lastKnownFileType = sourcecode.swift; path = HomeView.swift; sourceTree = "<group>"; };
		795640652955AE9C0088A06F /* TodoListView.swift */ = {isa = PBXFileReference; lastKnownFileType = sourcecode.swift; path = TodoListView.swift; sourceTree = "<group>"; };
		795640672955AEB30088A06F /* Models.swift */ = {isa = PBXFileReference; lastKnownFileType = sourcecode.swift; path = Models.swift; sourceTree = "<group>"; };
		795640692955AFBD0088A06F /* ErrorText.swift */ = {isa = PBXFileReference; lastKnownFileType = sourcecode.swift; path = ErrorText.swift; sourceTree = "<group>"; };
		796298982AEBBA77000AA957 /* MFAFlow.swift */ = {isa = PBXFileReference; lastKnownFileType = sourcecode.swift; path = MFAFlow.swift; sourceTree = "<group>"; };
		7962989A2AEBBD9F000AA957 /* Info.plist */ = {isa = PBXFileReference; lastKnownFileType = text.plist; path = Info.plist; sourceTree = "<group>"; };
		79C591D92AE0880F0088A9C8 /* ProductSample.app */ = {isa = PBXFileReference; explicitFileType = wrapper.application; includeInIndex = 0; path = ProductSample.app; sourceTree = BUILT_PRODUCTS_DIR; };
		79C591DB2AE0880F0088A9C8 /* ProductSampleApp.swift */ = {isa = PBXFileReference; lastKnownFileType = sourcecode.swift; path = ProductSampleApp.swift; sourceTree = "<group>"; };
		79C591DD2AE0880F0088A9C8 /* AppView.swift */ = {isa = PBXFileReference; lastKnownFileType = sourcecode.swift; path = AppView.swift; sourceTree = "<group>"; };
		79C591DF2AE088110088A9C8 /* Assets.xcassets */ = {isa = PBXFileReference; lastKnownFileType = folder.assetcatalog; path = Assets.xcassets; sourceTree = "<group>"; };
		79C591E22AE088110088A9C8 /* Preview Assets.xcassets */ = {isa = PBXFileReference; lastKnownFileType = folder.assetcatalog; path = "Preview Assets.xcassets"; sourceTree = "<group>"; };
		79C591E92AE089230088A9C8 /* Product.swift */ = {isa = PBXFileReference; lastKnownFileType = sourcecode.swift; path = Product.swift; sourceTree = "<group>"; };
		79C591EB2AE089510088A9C8 /* ProductRepository.swift */ = {isa = PBXFileReference; lastKnownFileType = sourcecode.swift; path = ProductRepository.swift; sourceTree = "<group>"; };
		79C591ED2AE1258B0088A9C8 /* AuthenticationRepository.swift */ = {isa = PBXFileReference; lastKnownFileType = sourcecode.swift; path = AuthenticationRepository.swift; sourceTree = "<group>"; };
		79C591EF2AE126120088A9C8 /* ProductListViewModel.swift */ = {isa = PBXFileReference; lastKnownFileType = sourcecode.swift; path = ProductListViewModel.swift; sourceTree = "<group>"; };
		79C591F12AE127180088A9C8 /* ProductListView.swift */ = {isa = PBXFileReference; lastKnownFileType = sourcecode.swift; path = ProductListView.swift; sourceTree = "<group>"; };
		79C591F52AE12AAC0088A9C8 /* ProductDetailsViewModel.swift */ = {isa = PBXFileReference; lastKnownFileType = sourcecode.swift; path = ProductDetailsViewModel.swift; sourceTree = "<group>"; };
		79C591F72AE12B850088A9C8 /* ProductDetailsView.swift */ = {isa = PBXFileReference; lastKnownFileType = sourcecode.swift; path = ProductDetailsView.swift; sourceTree = "<group>"; };
		79C591FA2AE12FDE0088A9C8 /* UseCase.swift */ = {isa = PBXFileReference; lastKnownFileType = sourcecode.swift; path = UseCase.swift; sourceTree = "<group>"; };
		79C591FC2AE152590088A9C8 /* Config.plist */ = {isa = PBXFileReference; lastKnownFileType = text.plist.xml; path = Config.plist; sourceTree = "<group>"; };
		79C591FE2AE1527C0088A9C8 /* Config.swift */ = {isa = PBXFileReference; lastKnownFileType = sourcecode.swift; path = Config.swift; sourceTree = "<group>"; };
		79C592002AE1561D0088A9C8 /* Dependencies.swift */ = {isa = PBXFileReference; lastKnownFileType = sourcecode.swift; path = Dependencies.swift; sourceTree = "<group>"; };
		79C592032AE159130088A9C8 /* CreateProductUseCase.swift */ = {isa = PBXFileReference; lastKnownFileType = sourcecode.swift; path = CreateProductUseCase.swift; sourceTree = "<group>"; };
		79C592052AE159250088A9C8 /* UpdateProductUseCase.swift */ = {isa = PBXFileReference; lastKnownFileType = sourcecode.swift; path = UpdateProductUseCase.swift; sourceTree = "<group>"; };
		79C592072AE159390088A9C8 /* GetProductUseCase.swift */ = {isa = PBXFileReference; lastKnownFileType = sourcecode.swift; path = GetProductUseCase.swift; sourceTree = "<group>"; };
		79C592092AE159E20088A9C8 /* Logger.swift */ = {isa = PBXFileReference; lastKnownFileType = sourcecode.swift; path = Logger.swift; sourceTree = "<group>"; };
		79C5920B2AE1B8820088A9C8 /* Result.swift */ = {isa = PBXFileReference; lastKnownFileType = sourcecode.swift; path = Result.swift; sourceTree = "<group>"; };
		79C592102AE1CD040088A9C8 /* ProductImageStorageRepository.swift */ = {isa = PBXFileReference; lastKnownFileType = sourcecode.swift; path = ProductImageStorageRepository.swift; sourceTree = "<group>"; };
/* End PBXFileReference section */

/* Begin PBXFrameworksBuildPhase section */
		790308E32AEE7B4D003C4A98 /* Frameworks */ = {
			isa = PBXFrameworksBuildPhase;
			buildActionMask = 2147483647;
			files = (
				790308F62AEE7B5B003C4A98 /* Realtime in Frameworks */,
			);
			runOnlyForDeploymentPostprocessing = 0;
		};
		793895C32954ABFF0044F2B8 /* Frameworks */ = {
			isa = PBXFrameworksBuildPhase;
			buildActionMask = 2147483647;
			files = (
				795640702955B5190088A06F /* IdentifiedCollections in Frameworks */,
				7956406D2955B3500088A06F /* SwiftUINavigation in Frameworks */,
				7962989D2AEBC6F9000AA957 /* SVGView in Frameworks */,
				79719ECE2ADF26C400737804 /* Supabase in Frameworks */,
			);
			runOnlyForDeploymentPostprocessing = 0;
		};
		79C591D62AE0880F0088A9C8 /* Frameworks */ = {
			isa = PBXFrameworksBuildPhase;
			buildActionMask = 2147483647;
			files = (
				79C591E82AE088250088A9C8 /* Supabase in Frameworks */,
			);
			runOnlyForDeploymentPostprocessing = 0;
		};
/* End PBXFrameworksBuildPhase section */

/* Begin PBXGroup section */
		79018AD22AE1D7DE006EA669 /* Models */ = {
			isa = PBXGroup;
			children = (
				79C591E92AE089230088A9C8 /* Product.swift */,
				79018AE52AE3F1E4006EA669 /* Auth.swift */,
			);
			path = Models;
			sourceTree = "<group>";
		};
		79018AD32AE1DA1B006EA669 /* ProductList */ = {
			isa = PBXGroup;
			children = (
				79C591EF2AE126120088A9C8 /* ProductListViewModel.swift */,
				79C591F12AE127180088A9C8 /* ProductListView.swift */,
			);
			path = ProductList;
			sourceTree = "<group>";
		};
		79018AD42AE1DA25006EA669 /* ProductDetails */ = {
			isa = PBXGroup;
			children = (
				79C591F52AE12AAC0088A9C8 /* ProductDetailsViewModel.swift */,
				79C591F72AE12B850088A9C8 /* ProductDetailsView.swift */,
			);
			path = ProductDetails;
			sourceTree = "<group>";
		};
		79018AD52AE1DA31006EA669 /* Features */ = {
			isa = PBXGroup;
			children = (
				79018ADC2AE1DAF6006EA669 /* Auth */,
				79018AD42AE1DA25006EA669 /* ProductDetails */,
				79018AD32AE1DA1B006EA669 /* ProductList */,
			);
			path = Features;
			sourceTree = "<group>";
		};
		79018AD62AE1DA4C006EA669 /* Application */ = {
			isa = PBXGroup;
			children = (
				79C591DD2AE0880F0088A9C8 /* AppView.swift */,
				79C592002AE1561D0088A9C8 /* Dependencies.swift */,
				79C591DB2AE0880F0088A9C8 /* ProductSampleApp.swift */,
			);
			path = Application;
			sourceTree = "<group>";
		};
		79018AD72AE1DA64006EA669 /* Helpers */ = {
			isa = PBXGroup;
			children = (
				79C591FE2AE1527C0088A9C8 /* Config.swift */,
				79C592092AE159E20088A9C8 /* Logger.swift */,
				79C5920B2AE1B8820088A9C8 /* Result.swift */,
			);
			path = Helpers;
			sourceTree = "<group>";
		};
		79018AD92AE1DA75006EA669 /* SupportFiles */ = {
			isa = PBXGroup;
			children = (
				79018AE12AE3D0E3006EA669 /* Info.plist */,
				79C591DF2AE088110088A9C8 /* Assets.xcassets */,
				79C591E12AE088110088A9C8 /* Preview Content */,
				79C591FC2AE152590088A9C8 /* Config.plist */,
			);
			path = SupportFiles;
			sourceTree = "<group>";
		};
		79018ADC2AE1DAF6006EA669 /* Auth */ = {
			isa = PBXGroup;
			children = (
				79018ADA2AE1DAF2006EA669 /* AuthView.swift */,
				79018ADD2AE1DB03006EA669 /* AuthViewModel.swift */,
			);
			path = Auth;
			sourceTree = "<group>";
		};
		79018AE22AE3F17D006EA669 /* Routes */ = {
			isa = PBXGroup;
			children = (
				79018AE32AE3F185006EA669 /* Routes.swift */,
			);
			path = Routes;
			sourceTree = "<group>";
		};
		790308DF2AED51F3003C4A98 /* Components */ = {
			isa = PBXGroup;
			children = (
				790308E02AED51FA003C4A98 /* AsyncButton.swift */,
			);
			path = Components;
			sourceTree = "<group>";
		};
		790308E72AEE7B4D003C4A98 /* RealtimeSample */ = {
			isa = PBXGroup;
			children = (
				790308E82AEE7B4D003C4A98 /* RealtimeSampleApp.swift */,
				790308EA2AEE7B4D003C4A98 /* ContentView.swift */,
				790308EC2AEE7B4E003C4A98 /* Assets.xcassets */,
				790308F12AEE7B4E003C4A98 /* RealtimeSample.entitlements */,
				790308EE2AEE7B4E003C4A98 /* Preview Content */,
			);
			path = RealtimeSample;
			sourceTree = "<group>";
		};
		790308EE2AEE7B4E003C4A98 /* Preview Content */ = {
			isa = PBXGroup;
			children = (
				790308EF2AEE7B4E003C4A98 /* Preview Assets.xcassets */,
			);
			path = "Preview Content";
			sourceTree = "<group>";
		};
		793895BD2954ABFF0044F2B8 = {
			isa = PBXGroup;
			children = (
				793895C82954ABFF0044F2B8 /* Examples */,
				79C591DA2AE0880F0088A9C8 /* ProductSample */,
				790308E72AEE7B4D003C4A98 /* RealtimeSample */,
				793895C72954ABFF0044F2B8 /* Products */,
				7956405A2954AC3E0088A06F /* Frameworks */,
			);
			sourceTree = "<group>";
		};
		793895C72954ABFF0044F2B8 /* Products */ = {
			isa = PBXGroup;
			children = (
				793895C62954ABFF0044F2B8 /* Examples.app */,
				79C591D92AE0880F0088A9C8 /* ProductSample.app */,
				790308E62AEE7B4D003C4A98 /* RealtimeSample.app */,
			);
			name = Products;
			sourceTree = "<group>";
		};
		793895C82954ABFF0044F2B8 /* Examples */ = {
			isa = PBXGroup;
			children = (
				790308DF2AED51F3003C4A98 /* Components */,
				7962989A2AEBBD9F000AA957 /* Info.plist */,
				793895CD2954AC000044F2B8 /* Assets.xcassets */,
				7956405F2954AE140088A06F /* AuthView.swift */,
				793895CF2954AC000044F2B8 /* Examples.entitlements */,
				793895C92954ABFF0044F2B8 /* ExamplesApp.swift */,
				793895D02954AC000044F2B8 /* Preview Content */,
				793895CB2954ABFF0044F2B8 /* RootView.swift */,
				7956405D2954ADE00088A06F /* Secrets.swift */,
				795640612955AD2B0088A06F /* HomeView.swift */,
				795640652955AE9C0088A06F /* TodoListView.swift */,
				795640672955AEB30088A06F /* Models.swift */,
				795640692955AFBD0088A06F /* ErrorText.swift */,
				794EF1212955F26A008C9526 /* AddTodoListView.swift */,
				794EF1232955F3DE008C9526 /* TodoListRow.swift */,
				796298982AEBBA77000AA957 /* MFAFlow.swift */,
				790308DD2AED4F81003C4A98 /* Logger.swift */,
			);
			path = Examples;
			sourceTree = "<group>";
		};
		793895D02954AC000044F2B8 /* Preview Content */ = {
			isa = PBXGroup;
			children = (
				793895D12954AC000044F2B8 /* Preview Assets.xcassets */,
			);
			path = "Preview Content";
			sourceTree = "<group>";
		};
		7956405A2954AC3E0088A06F /* Frameworks */ = {
			isa = PBXGroup;
			children = (
			);
			name = Frameworks;
			sourceTree = "<group>";
		};
		79C591DA2AE0880F0088A9C8 /* ProductSample */ = {
			isa = PBXGroup;
			children = (
				79018AD62AE1DA4C006EA669 /* Application */,
				79C5920F2AE1CCE80088A9C8 /* Data */,
				79C591F92AE12FD10088A9C8 /* Domain */,
				79018AD52AE1DA31006EA669 /* Features */,
				79018AD72AE1DA64006EA669 /* Helpers */,
				79018AE22AE3F17D006EA669 /* Routes */,
				79018AD92AE1DA75006EA669 /* SupportFiles */,
			);
			path = ProductSample;
			sourceTree = "<group>";
		};
		79C591E12AE088110088A9C8 /* Preview Content */ = {
			isa = PBXGroup;
			children = (
				79C591E22AE088110088A9C8 /* Preview Assets.xcassets */,
			);
			path = "Preview Content";
			sourceTree = "<group>";
		};
		79C591F92AE12FD10088A9C8 /* Domain */ = {
			isa = PBXGroup;
			children = (
				79018AD22AE1D7DE006EA669 /* Models */,
				79C592022AE159070088A9C8 /* UseCases */,
			);
			path = Domain;
			sourceTree = "<group>";
		};
		79C592022AE159070088A9C8 /* UseCases */ = {
			isa = PBXGroup;
			children = (
				79C591FA2AE12FDE0088A9C8 /* UseCase.swift */,
				79C592032AE159130088A9C8 /* CreateProductUseCase.swift */,
				79C592052AE159250088A9C8 /* UpdateProductUseCase.swift */,
				79C592072AE159390088A9C8 /* GetProductUseCase.swift */,
				79018ACE2AE1D6CF006EA669 /* DeleteProductUseCase.swift */,
				79018AD02AE1D775006EA669 /* GetProductsUseCase.swift */,
				79018ADF2AE309EE006EA669 /* SignInUseCase.swift */,
				79018AE72AE3F1F3006EA669 /* SignUpUseCase.swift */,
			);
			path = UseCases;
			sourceTree = "<group>";
		};
		79C5920F2AE1CCE80088A9C8 /* Data */ = {
			isa = PBXGroup;
			children = (
				79C591EB2AE089510088A9C8 /* ProductRepository.swift */,
				79C591ED2AE1258B0088A9C8 /* AuthenticationRepository.swift */,
				79C592102AE1CD040088A9C8 /* ProductImageStorageRepository.swift */,
			);
			path = Data;
			sourceTree = "<group>";
		};
/* End PBXGroup section */

/* Begin PBXNativeTarget section */
		790308E52AEE7B4D003C4A98 /* RealtimeSample */ = {
			isa = PBXNativeTarget;
			buildConfigurationList = 790308F22AEE7B4E003C4A98 /* Build configuration list for PBXNativeTarget "RealtimeSample" */;
			buildPhases = (
				790308E22AEE7B4D003C4A98 /* Sources */,
				790308E32AEE7B4D003C4A98 /* Frameworks */,
				790308E42AEE7B4D003C4A98 /* Resources */,
			);
			buildRules = (
			);
			dependencies = (
			);
			name = RealtimeSample;
			packageProductDependencies = (
				790308F52AEE7B5B003C4A98 /* Realtime */,
			);
			productName = RealtimeSample;
			productReference = 790308E62AEE7B4D003C4A98 /* RealtimeSample.app */;
			productType = "com.apple.product-type.application";
		};
		793895C52954ABFF0044F2B8 /* Examples */ = {
			isa = PBXNativeTarget;
			buildConfigurationList = 793895D52954AC000044F2B8 /* Build configuration list for PBXNativeTarget "Examples" */;
			buildPhases = (
				793895C22954ABFF0044F2B8 /* Sources */,
				793895C32954ABFF0044F2B8 /* Frameworks */,
				793895C42954ABFF0044F2B8 /* Resources */,
			);
			buildRules = (
			);
			dependencies = (
			);
			name = Examples;
			packageProductDependencies = (
				7956406C2955B3500088A06F /* SwiftUINavigation */,
				7956406F2955B5190088A06F /* IdentifiedCollections */,
				79719ECD2ADF26C400737804 /* Supabase */,
				7962989C2AEBC6F9000AA957 /* SVGView */,
			);
			productName = Examples;
			productReference = 793895C62954ABFF0044F2B8 /* Examples.app */;
			productType = "com.apple.product-type.application";
		};
		79C591D82AE0880F0088A9C8 /* ProductSample */ = {
			isa = PBXNativeTarget;
			buildConfigurationList = 79C591E62AE088110088A9C8 /* Build configuration list for PBXNativeTarget "ProductSample" */;
			buildPhases = (
				79C591D52AE0880F0088A9C8 /* Sources */,
				79C591D62AE0880F0088A9C8 /* Frameworks */,
				79C591D72AE0880F0088A9C8 /* Resources */,
			);
			buildRules = (
			);
			dependencies = (
			);
			name = ProductSample;
			packageProductDependencies = (
				79C591E72AE088250088A9C8 /* Supabase */,
			);
			productName = ProductSample;
			productReference = 79C591D92AE0880F0088A9C8 /* ProductSample.app */;
			productType = "com.apple.product-type.application";
		};
/* End PBXNativeTarget section */

/* Begin PBXProject section */
		793895BE2954ABFF0044F2B8 /* Project object */ = {
			isa = PBXProject;
			attributes = {
				BuildIndependentTargetsInParallel = 1;
				LastSwiftUpdateCheck = 1500;
				LastUpgradeCheck = 1500;
				TargetAttributes = {
					790308E52AEE7B4D003C4A98 = {
						CreatedOnToolsVersion = 15.0.1;
					};
					793895C52954ABFF0044F2B8 = {
						CreatedOnToolsVersion = 14.1;
					};
					79C591D82AE0880F0088A9C8 = {
						CreatedOnToolsVersion = 15.0.1;
					};
				};
			};
			buildConfigurationList = 793895C12954ABFF0044F2B8 /* Build configuration list for PBXProject "Examples" */;
			compatibilityVersion = "Xcode 14.0";
			developmentRegion = en;
			hasScannedForEncodings = 0;
			knownRegions = (
				en,
				Base,
			);
			mainGroup = 793895BD2954ABFF0044F2B8;
			packageReferences = (
				7956406B2955B3500088A06F /* XCRemoteSwiftPackageReference "swiftui-navigation" */,
				7956406E2955B5190088A06F /* XCRemoteSwiftPackageReference "swift-identified-collections" */,
				7962989B2AEBC6F9000AA957 /* XCRemoteSwiftPackageReference "SVGView" */,
			);
			productRefGroup = 793895C72954ABFF0044F2B8 /* Products */;
			projectDirPath = "";
			projectRoot = "";
			targets = (
				793895C52954ABFF0044F2B8 /* Examples */,
				79C591D82AE0880F0088A9C8 /* ProductSample */,
				790308E52AEE7B4D003C4A98 /* RealtimeSample */,
			);
		};
/* End PBXProject section */

/* Begin PBXResourcesBuildPhase section */
		790308E42AEE7B4D003C4A98 /* Resources */ = {
			isa = PBXResourcesBuildPhase;
			buildActionMask = 2147483647;
			files = (
				790308F02AEE7B4E003C4A98 /* Preview Assets.xcassets in Resources */,
				790308ED2AEE7B4E003C4A98 /* Assets.xcassets in Resources */,
			);
			runOnlyForDeploymentPostprocessing = 0;
		};
		793895C42954ABFF0044F2B8 /* Resources */ = {
			isa = PBXResourcesBuildPhase;
			buildActionMask = 2147483647;
			files = (
				793895D22954AC000044F2B8 /* Preview Assets.xcassets in Resources */,
				793895CE2954AC000044F2B8 /* Assets.xcassets in Resources */,
			);
			runOnlyForDeploymentPostprocessing = 0;
		};
		79C591D72AE0880F0088A9C8 /* Resources */ = {
			isa = PBXResourcesBuildPhase;
			buildActionMask = 2147483647;
			files = (
				79C591E32AE088110088A9C8 /* Preview Assets.xcassets in Resources */,
				79C591FD2AE152590088A9C8 /* Config.plist in Resources */,
				79C591E02AE088110088A9C8 /* Assets.xcassets in Resources */,
			);
			runOnlyForDeploymentPostprocessing = 0;
		};
/* End PBXResourcesBuildPhase section */

/* Begin PBXSourcesBuildPhase section */
		790308E22AEE7B4D003C4A98 /* Sources */ = {
			isa = PBXSourcesBuildPhase;
			buildActionMask = 2147483647;
			files = (
				790308EB2AEE7B4D003C4A98 /* ContentView.swift in Sources */,
				790308E92AEE7B4D003C4A98 /* RealtimeSampleApp.swift in Sources */,
			);
			runOnlyForDeploymentPostprocessing = 0;
		};
		793895C22954ABFF0044F2B8 /* Sources */ = {
			isa = PBXSourcesBuildPhase;
			buildActionMask = 2147483647;
			files = (
				796298992AEBBA77000AA957 /* MFAFlow.swift in Sources */,
				793895CC2954ABFF0044F2B8 /* RootView.swift in Sources */,
				7956406A2955AFBD0088A06F /* ErrorText.swift in Sources */,
				794EF1242955F3DE008C9526 /* TodoListRow.swift in Sources */,
				794EF1222955F26A008C9526 /* AddTodoListView.swift in Sources */,
				7956405E2954ADE00088A06F /* Secrets.swift in Sources */,
				795640682955AEB30088A06F /* Models.swift in Sources */,
				790308DE2AED4F81003C4A98 /* Logger.swift in Sources */,
				795640662955AE9C0088A06F /* TodoListView.swift in Sources */,
				795640602954AE140088A06F /* AuthView.swift in Sources */,
				795640622955AD2B0088A06F /* HomeView.swift in Sources */,
				793895CA2954ABFF0044F2B8 /* ExamplesApp.swift in Sources */,
				790308E12AED51FA003C4A98 /* AsyncButton.swift in Sources */,
			);
			runOnlyForDeploymentPostprocessing = 0;
		};
		79C591D52AE0880F0088A9C8 /* Sources */ = {
			isa = PBXSourcesBuildPhase;
			buildActionMask = 2147483647;
			files = (
				79C591DE2AE0880F0088A9C8 /* AppView.swift in Sources */,
				79018AE42AE3F185006EA669 /* Routes.swift in Sources */,
				79018AE62AE3F1E4006EA669 /* Auth.swift in Sources */,
				79C591DC2AE0880F0088A9C8 /* ProductSampleApp.swift in Sources */,
				79C591F62AE12AAC0088A9C8 /* ProductDetailsViewModel.swift in Sources */,
				79018AD12AE1D775006EA669 /* GetProductsUseCase.swift in Sources */,
				79C592042AE159130088A9C8 /* CreateProductUseCase.swift in Sources */,
				79C592012AE1561D0088A9C8 /* Dependencies.swift in Sources */,
				79C591F22AE127180088A9C8 /* ProductListView.swift in Sources */,
				79C592112AE1CD040088A9C8 /* ProductImageStorageRepository.swift in Sources */,
				79C591F02AE126120088A9C8 /* ProductListViewModel.swift in Sources */,
				79018AE02AE309EE006EA669 /* SignInUseCase.swift in Sources */,
				79C5920C2AE1B8820088A9C8 /* Result.swift in Sources */,
				79C591FF2AE1527C0088A9C8 /* Config.swift in Sources */,
				79018ACF2AE1D6CF006EA669 /* DeleteProductUseCase.swift in Sources */,
				79C5920A2AE159E20088A9C8 /* Logger.swift in Sources */,
				79C591FB2AE12FDE0088A9C8 /* UseCase.swift in Sources */,
				79018AE82AE3F1F3006EA669 /* SignUpUseCase.swift in Sources */,
				79018ADB2AE1DAF2006EA669 /* AuthView.swift in Sources */,
				79C592062AE159250088A9C8 /* UpdateProductUseCase.swift in Sources */,
				79C591EA2AE089230088A9C8 /* Product.swift in Sources */,
				79C592082AE159390088A9C8 /* GetProductUseCase.swift in Sources */,
				79018ADE2AE1DB03006EA669 /* AuthViewModel.swift in Sources */,
				79C591EE2AE1258B0088A9C8 /* AuthenticationRepository.swift in Sources */,
				79C591EC2AE089510088A9C8 /* ProductRepository.swift in Sources */,
				79C591F82AE12B850088A9C8 /* ProductDetailsView.swift in Sources */,
			);
			runOnlyForDeploymentPostprocessing = 0;
		};
/* End PBXSourcesBuildPhase section */

/* Begin XCBuildConfiguration section */
		790308F32AEE7B4E003C4A98 /* Debug */ = {
			isa = XCBuildConfiguration;
			buildSettings = {
				ASSETCATALOG_COMPILER_APPICON_NAME = AppIcon;
				ASSETCATALOG_COMPILER_GENERATE_SWIFT_ASSET_SYMBOL_EXTENSIONS = YES;
				ASSETCATALOG_COMPILER_GLOBAL_ACCENT_COLOR_NAME = AccentColor;
				CODE_SIGN_ENTITLEMENTS = RealtimeSample/RealtimeSample.entitlements;
				CODE_SIGN_STYLE = Automatic;
				COMBINE_HIDPI_IMAGES = YES;
				CURRENT_PROJECT_VERSION = 1;
				DEVELOPMENT_ASSET_PATHS = "\"RealtimeSample/Preview Content\"";
				DEVELOPMENT_TEAM = ELTTE7K8TT;
				ENABLE_HARDENED_RUNTIME = YES;
				ENABLE_PREVIEWS = YES;
				GENERATE_INFOPLIST_FILE = YES;
				INFOPLIST_KEY_NSHumanReadableCopyright = "";
				LD_RUNPATH_SEARCH_PATHS = (
					"$(inherited)",
					"@executable_path/../Frameworks",
				);
				LOCALIZATION_PREFERS_STRING_CATALOGS = YES;
				MACOSX_DEPLOYMENT_TARGET = 14.0;
				MARKETING_VERSION = 1.0;
				PRODUCT_BUNDLE_IDENTIFIER = dev.grds.RealtimeSample;
				PRODUCT_NAME = "$(TARGET_NAME)";
				SDKROOT = macosx;
				SUPPORTED_PLATFORMS = "iphoneos iphonesimulator macosx";
				SUPPORTS_MACCATALYST = NO;
				SWIFT_ACTIVE_COMPILATION_CONDITIONS = "DEBUG $(inherited)";
				SWIFT_EMIT_LOC_STRINGS = YES;
				SWIFT_VERSION = 5.0;
				TARGETED_DEVICE_FAMILY = 1;
			};
			name = Debug;
		};
		790308F42AEE7B4E003C4A98 /* Release */ = {
			isa = XCBuildConfiguration;
			buildSettings = {
				ASSETCATALOG_COMPILER_APPICON_NAME = AppIcon;
				ASSETCATALOG_COMPILER_GENERATE_SWIFT_ASSET_SYMBOL_EXTENSIONS = YES;
				ASSETCATALOG_COMPILER_GLOBAL_ACCENT_COLOR_NAME = AccentColor;
				CODE_SIGN_ENTITLEMENTS = RealtimeSample/RealtimeSample.entitlements;
				CODE_SIGN_STYLE = Automatic;
				COMBINE_HIDPI_IMAGES = YES;
				CURRENT_PROJECT_VERSION = 1;
				DEVELOPMENT_ASSET_PATHS = "\"RealtimeSample/Preview Content\"";
				DEVELOPMENT_TEAM = ELTTE7K8TT;
				ENABLE_HARDENED_RUNTIME = YES;
				ENABLE_PREVIEWS = YES;
				GENERATE_INFOPLIST_FILE = YES;
				INFOPLIST_KEY_NSHumanReadableCopyright = "";
				LD_RUNPATH_SEARCH_PATHS = (
					"$(inherited)",
					"@executable_path/../Frameworks",
				);
				LOCALIZATION_PREFERS_STRING_CATALOGS = YES;
				MACOSX_DEPLOYMENT_TARGET = 14.0;
				MARKETING_VERSION = 1.0;
				PRODUCT_BUNDLE_IDENTIFIER = dev.grds.RealtimeSample;
				PRODUCT_NAME = "$(TARGET_NAME)";
				SDKROOT = macosx;
				SUPPORTED_PLATFORMS = "iphoneos iphonesimulator macosx";
				SUPPORTS_MACCATALYST = NO;
				SWIFT_EMIT_LOC_STRINGS = YES;
				SWIFT_VERSION = 5.0;
				TARGETED_DEVICE_FAMILY = 1;
			};
			name = Release;
		};
		793895D32954AC000044F2B8 /* Debug */ = {
			isa = XCBuildConfiguration;
			buildSettings = {
				ALWAYS_SEARCH_USER_PATHS = NO;
				CLANG_ANALYZER_NONNULL = YES;
				CLANG_ANALYZER_NUMBER_OBJECT_CONVERSION = YES_AGGRESSIVE;
				CLANG_CXX_LANGUAGE_STANDARD = "gnu++20";
				CLANG_ENABLE_MODULES = YES;
				CLANG_ENABLE_OBJC_ARC = YES;
				CLANG_ENABLE_OBJC_WEAK = YES;
				CLANG_WARN_BLOCK_CAPTURE_AUTORELEASING = YES;
				CLANG_WARN_BOOL_CONVERSION = YES;
				CLANG_WARN_COMMA = YES;
				CLANG_WARN_CONSTANT_CONVERSION = YES;
				CLANG_WARN_DEPRECATED_OBJC_IMPLEMENTATIONS = YES;
				CLANG_WARN_DIRECT_OBJC_ISA_USAGE = YES_ERROR;
				CLANG_WARN_DOCUMENTATION_COMMENTS = YES;
				CLANG_WARN_EMPTY_BODY = YES;
				CLANG_WARN_ENUM_CONVERSION = YES;
				CLANG_WARN_INFINITE_RECURSION = YES;
				CLANG_WARN_INT_CONVERSION = YES;
				CLANG_WARN_NON_LITERAL_NULL_CONVERSION = YES;
				CLANG_WARN_OBJC_IMPLICIT_RETAIN_SELF = YES;
				CLANG_WARN_OBJC_LITERAL_CONVERSION = YES;
				CLANG_WARN_OBJC_ROOT_CLASS = YES_ERROR;
				CLANG_WARN_QUOTED_INCLUDE_IN_FRAMEWORK_HEADER = YES;
				CLANG_WARN_RANGE_LOOP_ANALYSIS = YES;
				CLANG_WARN_STRICT_PROTOTYPES = YES;
				CLANG_WARN_SUSPICIOUS_MOVE = YES;
				CLANG_WARN_UNGUARDED_AVAILABILITY = YES_AGGRESSIVE;
				CLANG_WARN_UNREACHABLE_CODE = YES;
				CLANG_WARN__DUPLICATE_METHOD_MATCH = YES;
				COPY_PHASE_STRIP = NO;
				CURRENT_PROJECT_VERSION = 1;
				DEAD_CODE_STRIPPING = YES;
				DEBUG_INFORMATION_FORMAT = dwarf;
				ENABLE_STRICT_OBJC_MSGSEND = YES;
				ENABLE_TESTABILITY = YES;
				ENABLE_USER_SCRIPT_SANDBOXING = YES;
				GCC_C_LANGUAGE_STANDARD = gnu17;
				GCC_DYNAMIC_NO_PIC = NO;
				GCC_NO_COMMON_BLOCKS = YES;
				GCC_OPTIMIZATION_LEVEL = 0;
				GCC_PREPROCESSOR_DEFINITIONS = (
					"DEBUG=1",
					"$(inherited)",
				);
				GCC_WARN_64_TO_32_BIT_CONVERSION = YES;
				GCC_WARN_ABOUT_RETURN_TYPE = YES_ERROR;
				GCC_WARN_UNDECLARED_SELECTOR = YES;
				GCC_WARN_UNINITIALIZED_AUTOS = YES_AGGRESSIVE;
				GCC_WARN_UNUSED_FUNCTION = YES;
				GCC_WARN_UNUSED_VARIABLE = YES;
				INFOPLIST_KEY_UILaunchScreen_Generation = YES;
				LD_RUNPATH_SEARCH_PATHS = (
					"$(inherited)",
					"@executable_path/Frameworks",
				);
				MARKETING_VERSION = 1.0.0;
				MTL_ENABLE_DEBUG_INFO = INCLUDE_SOURCE;
				MTL_FAST_MATH = YES;
				ONLY_ACTIVE_ARCH = YES;
				SDKROOT = iphoneos;
				SWIFT_ACTIVE_COMPILATION_CONDITIONS = DEBUG;
				SWIFT_OPTIMIZATION_LEVEL = "-Onone";
				SWIFT_STRICT_CONCURRENCY = complete;
				SWIFT_VERSION = 5.0;
			};
			name = Debug;
		};
		793895D42954AC000044F2B8 /* Release */ = {
			isa = XCBuildConfiguration;
			buildSettings = {
				ALWAYS_SEARCH_USER_PATHS = NO;
				CLANG_ANALYZER_NONNULL = YES;
				CLANG_ANALYZER_NUMBER_OBJECT_CONVERSION = YES_AGGRESSIVE;
				CLANG_CXX_LANGUAGE_STANDARD = "gnu++20";
				CLANG_ENABLE_MODULES = YES;
				CLANG_ENABLE_OBJC_ARC = YES;
				CLANG_ENABLE_OBJC_WEAK = YES;
				CLANG_WARN_BLOCK_CAPTURE_AUTORELEASING = YES;
				CLANG_WARN_BOOL_CONVERSION = YES;
				CLANG_WARN_COMMA = YES;
				CLANG_WARN_CONSTANT_CONVERSION = YES;
				CLANG_WARN_DEPRECATED_OBJC_IMPLEMENTATIONS = YES;
				CLANG_WARN_DIRECT_OBJC_ISA_USAGE = YES_ERROR;
				CLANG_WARN_DOCUMENTATION_COMMENTS = YES;
				CLANG_WARN_EMPTY_BODY = YES;
				CLANG_WARN_ENUM_CONVERSION = YES;
				CLANG_WARN_INFINITE_RECURSION = YES;
				CLANG_WARN_INT_CONVERSION = YES;
				CLANG_WARN_NON_LITERAL_NULL_CONVERSION = YES;
				CLANG_WARN_OBJC_IMPLICIT_RETAIN_SELF = YES;
				CLANG_WARN_OBJC_LITERAL_CONVERSION = YES;
				CLANG_WARN_OBJC_ROOT_CLASS = YES_ERROR;
				CLANG_WARN_QUOTED_INCLUDE_IN_FRAMEWORK_HEADER = YES;
				CLANG_WARN_RANGE_LOOP_ANALYSIS = YES;
				CLANG_WARN_STRICT_PROTOTYPES = YES;
				CLANG_WARN_SUSPICIOUS_MOVE = YES;
				CLANG_WARN_UNGUARDED_AVAILABILITY = YES_AGGRESSIVE;
				CLANG_WARN_UNREACHABLE_CODE = YES;
				CLANG_WARN__DUPLICATE_METHOD_MATCH = YES;
				COPY_PHASE_STRIP = NO;
				CURRENT_PROJECT_VERSION = 1;
				DEAD_CODE_STRIPPING = YES;
				DEBUG_INFORMATION_FORMAT = "dwarf-with-dsym";
				ENABLE_NS_ASSERTIONS = NO;
				ENABLE_STRICT_OBJC_MSGSEND = YES;
				ENABLE_USER_SCRIPT_SANDBOXING = YES;
				GCC_C_LANGUAGE_STANDARD = gnu17;
				GCC_NO_COMMON_BLOCKS = YES;
				GCC_WARN_64_TO_32_BIT_CONVERSION = YES;
				GCC_WARN_ABOUT_RETURN_TYPE = YES_ERROR;
				GCC_WARN_UNDECLARED_SELECTOR = YES;
				GCC_WARN_UNINITIALIZED_AUTOS = YES_AGGRESSIVE;
				GCC_WARN_UNUSED_FUNCTION = YES;
				GCC_WARN_UNUSED_VARIABLE = YES;
				INFOPLIST_KEY_UILaunchScreen_Generation = YES;
				LD_RUNPATH_SEARCH_PATHS = (
					"$(inherited)",
					"@executable_path/Frameworks",
				);
				MARKETING_VERSION = 1.0.0;
				MTL_ENABLE_DEBUG_INFO = NO;
				MTL_FAST_MATH = YES;
				SDKROOT = iphoneos;
				SWIFT_COMPILATION_MODE = wholemodule;
				SWIFT_OPTIMIZATION_LEVEL = "-O";
				SWIFT_STRICT_CONCURRENCY = complete;
				SWIFT_VERSION = 5.0;
			};
			name = Release;
		};
		793895D62954AC000044F2B8 /* Debug */ = {
			isa = XCBuildConfiguration;
			buildSettings = {
				ASSETCATALOG_COMPILER_APPICON_NAME = AppIcon;
				ASSETCATALOG_COMPILER_GLOBAL_ACCENT_COLOR_NAME = AccentColor;
				CODE_SIGN_ENTITLEMENTS = Examples/Examples.entitlements;
				CODE_SIGN_STYLE = Automatic;
				DEVELOPMENT_ASSET_PATHS = "\"Examples/Preview Content\"";
				DEVELOPMENT_TEAM = ELTTE7K8TT;
				ENABLE_HARDENED_RUNTIME = YES;
				ENABLE_PREVIEWS = YES;
				GENERATE_INFOPLIST_FILE = YES;
				INFOPLIST_FILE = Examples/Info.plist;
				INFOPLIST_KEY_UILaunchScreen_Generation = YES;
				PRODUCT_BUNDLE_IDENTIFIER = com.supabase.Examples;
				PRODUCT_NAME = "$(TARGET_NAME)";
				SWIFT_EMIT_LOC_STRINGS = YES;
			};
			name = Debug;
		};
		793895D72954AC000044F2B8 /* Release */ = {
			isa = XCBuildConfiguration;
			buildSettings = {
				ASSETCATALOG_COMPILER_APPICON_NAME = AppIcon;
				ASSETCATALOG_COMPILER_GLOBAL_ACCENT_COLOR_NAME = AccentColor;
				CODE_SIGN_ENTITLEMENTS = Examples/Examples.entitlements;
				CODE_SIGN_STYLE = Automatic;
				DEVELOPMENT_ASSET_PATHS = "\"Examples/Preview Content\"";
				DEVELOPMENT_TEAM = ELTTE7K8TT;
				ENABLE_HARDENED_RUNTIME = YES;
				ENABLE_PREVIEWS = YES;
				GENERATE_INFOPLIST_FILE = YES;
				INFOPLIST_FILE = Examples/Info.plist;
				INFOPLIST_KEY_UILaunchScreen_Generation = YES;
				PRODUCT_BUNDLE_IDENTIFIER = com.supabase.Examples;
				PRODUCT_NAME = "$(TARGET_NAME)";
				SWIFT_EMIT_LOC_STRINGS = YES;
			};
			name = Release;
		};
		79C591E42AE088110088A9C8 /* Debug */ = {
			isa = XCBuildConfiguration;
			buildSettings = {
				ASSETCATALOG_COMPILER_APPICON_NAME = AppIcon;
				ASSETCATALOG_COMPILER_GENERATE_SWIFT_ASSET_SYMBOL_EXTENSIONS = YES;
				ASSETCATALOG_COMPILER_GLOBAL_ACCENT_COLOR_NAME = AccentColor;
				CODE_SIGN_STYLE = Automatic;
				DEVELOPMENT_ASSET_PATHS = "\"ProductSample/SupportFiles/Preview Content\"";
				DEVELOPMENT_TEAM = ELTTE7K8TT;
				ENABLE_PREVIEWS = YES;
				GENERATE_INFOPLIST_FILE = YES;
				INFOPLIST_FILE = ProductSample/SupportFIles/Info.plist;
				INFOPLIST_KEY_UIApplicationSceneManifest_Generation = YES;
				INFOPLIST_KEY_UIApplicationSupportsIndirectInputEvents = YES;
				INFOPLIST_KEY_UILaunchScreen_Generation = YES;
				LOCALIZATION_PREFERS_STRING_CATALOGS = YES;
				PRODUCT_BUNDLE_IDENTIFIER = dev.grds.ProductSample;
				PRODUCT_NAME = "$(TARGET_NAME)";
				SWIFT_ACTIVE_COMPILATION_CONDITIONS = "DEBUG $(inherited)";
				SWIFT_EMIT_LOC_STRINGS = YES;
			};
			name = Debug;
		};
		79C591E52AE088110088A9C8 /* Release */ = {
			isa = XCBuildConfiguration;
			buildSettings = {
				ASSETCATALOG_COMPILER_APPICON_NAME = AppIcon;
				ASSETCATALOG_COMPILER_GENERATE_SWIFT_ASSET_SYMBOL_EXTENSIONS = YES;
				ASSETCATALOG_COMPILER_GLOBAL_ACCENT_COLOR_NAME = AccentColor;
				CODE_SIGN_STYLE = Automatic;
				DEVELOPMENT_ASSET_PATHS = "\"ProductSample/SupportFiles/Preview Content\"";
				DEVELOPMENT_TEAM = ELTTE7K8TT;
				ENABLE_PREVIEWS = YES;
				GENERATE_INFOPLIST_FILE = YES;
				INFOPLIST_FILE = ProductSample/SupportFIles/Info.plist;
				INFOPLIST_KEY_UIApplicationSceneManifest_Generation = YES;
				INFOPLIST_KEY_UIApplicationSupportsIndirectInputEvents = YES;
				INFOPLIST_KEY_UILaunchScreen_Generation = YES;
				LOCALIZATION_PREFERS_STRING_CATALOGS = YES;
				PRODUCT_BUNDLE_IDENTIFIER = dev.grds.ProductSample;
				PRODUCT_NAME = "$(TARGET_NAME)";
				SWIFT_EMIT_LOC_STRINGS = YES;
				VALIDATE_PRODUCT = YES;
			};
			name = Release;
		};
/* End XCBuildConfiguration section */

/* Begin XCConfigurationList section */
		790308F22AEE7B4E003C4A98 /* Build configuration list for PBXNativeTarget "RealtimeSample" */ = {
			isa = XCConfigurationList;
			buildConfigurations = (
				790308F32AEE7B4E003C4A98 /* Debug */,
				790308F42AEE7B4E003C4A98 /* Release */,
			);
			defaultConfigurationIsVisible = 0;
			defaultConfigurationName = Release;
		};
		793895C12954ABFF0044F2B8 /* Build configuration list for PBXProject "Examples" */ = {
			isa = XCConfigurationList;
			buildConfigurations = (
				793895D32954AC000044F2B8 /* Debug */,
				793895D42954AC000044F2B8 /* Release */,
			);
			defaultConfigurationIsVisible = 0;
			defaultConfigurationName = Release;
		};
		793895D52954AC000044F2B8 /* Build configuration list for PBXNativeTarget "Examples" */ = {
			isa = XCConfigurationList;
			buildConfigurations = (
				793895D62954AC000044F2B8 /* Debug */,
				793895D72954AC000044F2B8 /* Release */,
			);
			defaultConfigurationIsVisible = 0;
			defaultConfigurationName = Release;
		};
		79C591E62AE088110088A9C8 /* Build configuration list for PBXNativeTarget "ProductSample" */ = {
			isa = XCConfigurationList;
			buildConfigurations = (
				79C591E42AE088110088A9C8 /* Debug */,
				79C591E52AE088110088A9C8 /* Release */,
			);
			defaultConfigurationIsVisible = 0;
			defaultConfigurationName = Release;
		};
/* End XCConfigurationList section */

/* Begin XCRemoteSwiftPackageReference section */
		7956406B2955B3500088A06F /* XCRemoteSwiftPackageReference "swiftui-navigation" */ = {
			isa = XCRemoteSwiftPackageReference;
			repositoryURL = "https://github.com/pointfreeco/swiftui-navigation.git";
			requirement = {
				kind = upToNextMajorVersion;
				minimumVersion = 1.0.0;
			};
		};
		7956406E2955B5190088A06F /* XCRemoteSwiftPackageReference "swift-identified-collections" */ = {
			isa = XCRemoteSwiftPackageReference;
			repositoryURL = "https://github.com/pointfreeco/swift-identified-collections.git";
			requirement = {
				kind = upToNextMajorVersion;
				minimumVersion = 1.0.0;
			};
		};
		7962989B2AEBC6F9000AA957 /* XCRemoteSwiftPackageReference "SVGView" */ = {
			isa = XCRemoteSwiftPackageReference;
			repositoryURL = "https://github.com/exyte/SVGView";
			requirement = {
				kind = upToNextMajorVersion;
				minimumVersion = 1.0.6;
			};
		};
/* End XCRemoteSwiftPackageReference section */

/* Begin XCSwiftPackageProductDependency section */
		790308F52AEE7B5B003C4A98 /* Realtime */ = {
			isa = XCSwiftPackageProductDependency;
			productName = Realtime;
		};
		7956406C2955B3500088A06F /* SwiftUINavigation */ = {
			isa = XCSwiftPackageProductDependency;
			package = 7956406B2955B3500088A06F /* XCRemoteSwiftPackageReference "swiftui-navigation" */;
			productName = SwiftUINavigation;
		};
		7956406F2955B5190088A06F /* IdentifiedCollections */ = {
			isa = XCSwiftPackageProductDependency;
			package = 7956406E2955B5190088A06F /* XCRemoteSwiftPackageReference "swift-identified-collections" */;
			productName = IdentifiedCollections;
		};
		7962989C2AEBC6F9000AA957 /* SVGView */ = {
			isa = XCSwiftPackageProductDependency;
			package = 7962989B2AEBC6F9000AA957 /* XCRemoteSwiftPackageReference "SVGView" */;
			productName = SVGView;
		};
		79719ECD2ADF26C400737804 /* Supabase */ = {
			isa = XCSwiftPackageProductDependency;
			productName = Supabase;
		};
		79C591E72AE088250088A9C8 /* Supabase */ = {
			isa = XCSwiftPackageProductDependency;
			productName = Supabase;
		};
/* End XCSwiftPackageProductDependency section */
	};
	rootObject = 793895BE2954ABFF0044F2B8 /* Project object */;
}
