// !$*UTF8*$!
{
	archiveVersion = 1;
	classes = {
	};
	objectVersion = 56;
	objects = {

/* Begin PBXBuildFile section */
		7928145D2CAB2CE2000B4ADB /* ResetPasswordView.swift in Sources */ = {isa = PBXBuildFile; fileRef = 7928145C2CAB2CDE000B4ADB /* ResetPasswordView.swift */; };
		793895CA2954ABFF0044F2B8 /* ExamplesApp.swift in Sources */ = {isa = PBXBuildFile; fileRef = 793895C92954ABFF0044F2B8 /* ExamplesApp.swift */; };
		793895CC2954ABFF0044F2B8 /* RootView.swift in Sources */ = {isa = PBXBuildFile; fileRef = 793895CB2954ABFF0044F2B8 /* RootView.swift */; };
		793895CE2954AC000044F2B8 /* Assets.xcassets in Resources */ = {isa = PBXBuildFile; fileRef = 793895CD2954AC000044F2B8 /* Assets.xcassets */; };
		793895D22954AC000044F2B8 /* Preview Assets.xcassets in Resources */ = {isa = PBXBuildFile; fileRef = 793895D12954AC000044F2B8 /* Preview Assets.xcassets */; };
		793E03092B2CED5D00AC7DED /* Constants.swift in Sources */ = {isa = PBXBuildFile; fileRef = 793E03082B2CED5D00AC7DED /* Constants.swift */; };
		793E030B2B2CEDDA00AC7DED /* ActionState.swift in Sources */ = {isa = PBXBuildFile; fileRef = 793E030A2B2CEDDA00AC7DED /* ActionState.swift */; };
		793E030D2B2DAB5700AC7DED /* SignInWithApple.swift in Sources */ = {isa = PBXBuildFile; fileRef = 793E030C2B2DAB5700AC7DED /* SignInWithApple.swift */; };
		79401F332BC6FEAE004C9C0F /* SignInWithOAuth.swift in Sources */ = {isa = PBXBuildFile; fileRef = 79401F322BC6FEAE004C9C0F /* SignInWithOAuth.swift */; };
		79401F352BC708C8004C9C0F /* UIViewControllerWrapper.swift in Sources */ = {isa = PBXBuildFile; fileRef = 79401F342BC708C8004C9C0F /* UIViewControllerWrapper.swift */; };
		794C61D62BAD1E12000E6B0F /* UserIdentityList.swift in Sources */ = {isa = PBXBuildFile; fileRef = 794C61D52BAD1E12000E6B0F /* UserIdentityList.swift */; };
		794EF1222955F26A008C9526 /* AddTodoListView.swift in Sources */ = {isa = PBXBuildFile; fileRef = 794EF1212955F26A008C9526 /* AddTodoListView.swift */; };
		794EF1242955F3DE008C9526 /* TodoListRow.swift in Sources */ = {isa = PBXBuildFile; fileRef = 794EF1232955F3DE008C9526 /* TodoListRow.swift */; };
		7956405E2954ADE00088A06F /* SupabaseConfig.swift in Sources */ = {isa = PBXBuildFile; fileRef = 7956405D2954ADE00088A06F /* SupabaseConfig.swift */; };
		795640602954AE140088A06F /* AuthController.swift in Sources */ = {isa = PBXBuildFile; fileRef = 7956405F2954AE140088A06F /* AuthController.swift */; };
		795640622955AD2B0088A06F /* HomeView.swift in Sources */ = {isa = PBXBuildFile; fileRef = 795640612955AD2B0088A06F /* HomeView.swift */; };
		795640662955AE9C0088A06F /* TodoListView.swift in Sources */ = {isa = PBXBuildFile; fileRef = 795640652955AE9C0088A06F /* TodoListView.swift */; };
		795640682955AEB30088A06F /* Models.swift in Sources */ = {isa = PBXBuildFile; fileRef = 795640672955AEB30088A06F /* Models.swift */; };
		7956406A2955AFBD0088A06F /* ErrorText.swift in Sources */ = {isa = PBXBuildFile; fileRef = 795640692955AFBD0088A06F /* ErrorText.swift */; };
		7956406D2955B3500088A06F /* SwiftUINavigation in Frameworks */ = {isa = PBXBuildFile; productRef = 7956406C2955B3500088A06F /* SwiftUINavigation */; };
		795640702955B5190088A06F /* IdentifiedCollections in Frameworks */ = {isa = PBXBuildFile; productRef = 7956406F2955B5190088A06F /* IdentifiedCollections */; };
		796298992AEBBA77000AA957 /* MFAFlow.swift in Sources */ = {isa = PBXBuildFile; fileRef = 796298982AEBBA77000AA957 /* MFAFlow.swift */; };
		7962989D2AEBC6F9000AA957 /* SVGView in Frameworks */ = {isa = PBXBuildFile; productRef = 7962989C2AEBC6F9000AA957 /* SVGView */; };
		79719ECE2ADF26C400737804 /* Supabase in Frameworks */ = {isa = PBXBuildFile; productRef = 79719ECD2ADF26C400737804 /* Supabase */; };
		797D664A2B46A1D8007592ED /* Dependencies.swift in Sources */ = {isa = PBXBuildFile; fileRef = 797D66492B46A1D8007592ED /* Dependencies.swift */; };
		797EFB662BABD82A00098D6B /* BucketList.swift in Sources */ = {isa = PBXBuildFile; fileRef = 797EFB652BABD82A00098D6B /* BucketList.swift */; };
		797EFB682BABD90500098D6B /* Stringfy.swift in Sources */ = {isa = PBXBuildFile; fileRef = 797EFB672BABD90500098D6B /* Stringfy.swift */; };
		797EFB6A2BABDF3800098D6B /* BucketDetailView.swift in Sources */ = {isa = PBXBuildFile; fileRef = 797EFB692BABDF3800098D6B /* BucketDetailView.swift */; };
		797EFB6C2BABE1B800098D6B /* FileObjectDetailView.swift in Sources */ = {isa = PBXBuildFile; fileRef = 797EFB6B2BABE1B800098D6B /* FileObjectDetailView.swift */; };
		7993B8A92B3C673A009B610B /* AuthView.swift in Sources */ = {isa = PBXBuildFile; fileRef = 7993B8A82B3C673A009B610B /* AuthView.swift */; };
		7993B8AB2B3C67E0009B610B /* Toast.swift in Sources */ = {isa = PBXBuildFile; fileRef = 7993B8AA2B3C67E0009B610B /* Toast.swift */; };
		799EE6A32C877BFB00FD9DD7 /* SignInWithPhone.swift in Sources */ = {isa = PBXBuildFile; fileRef = 799EE6A22C877BF900FD9DD7 /* SignInWithPhone.swift */; };
		79AF047F2B2CE207008761AD /* AuthWithEmailAndPassword.swift in Sources */ = {isa = PBXBuildFile; fileRef = 79AF047E2B2CE207008761AD /* AuthWithEmailAndPassword.swift */; };
		79AF04812B2CE261008761AD /* AuthView.swift in Sources */ = {isa = PBXBuildFile; fileRef = 79AF04802B2CE261008761AD /* AuthView.swift */; };
		79AF04842B2CE408008761AD /* AuthWithMagicLink.swift in Sources */ = {isa = PBXBuildFile; fileRef = 79AF04832B2CE408008761AD /* AuthWithMagicLink.swift */; };
		79AF04862B2CE586008761AD /* Debug.swift in Sources */ = {isa = PBXBuildFile; fileRef = 79AF04852B2CE586008761AD /* Debug.swift */; };
		79B1C80C2BABFF8000D991AA /* ProfileView.swift in Sources */ = {isa = PBXBuildFile; fileRef = 79B1C80B2BABFF8000D991AA /* ProfileView.swift */; };
		79B1C80E2BAC017C00D991AA /* AnyJSONView.swift in Sources */ = {isa = PBXBuildFile; fileRef = 79B1C80D2BAC017C00D991AA /* AnyJSONView.swift */; };
		79B3261C2BF359A50023661C /* UpdateProfileView.swift in Sources */ = {isa = PBXBuildFile; fileRef = 79B3261B2BF359A50023661C /* UpdateProfileView.swift */; };
		79B8F4242B5FED7C0000E839 /* IdentifiedCollections in Frameworks */ = {isa = PBXBuildFile; productRef = 79B8F4232B5FED7C0000E839 /* IdentifiedCollections */; };
		79B8F4262B602F640000E839 /* Logger.swift in Sources */ = {isa = PBXBuildFile; fileRef = 79B8F4252B602F640000E839 /* Logger.swift */; };
		79BD76772B59C3E300CA3D68 /* UserStore.swift in Sources */ = {isa = PBXBuildFile; fileRef = 79BD76762B59C3E300CA3D68 /* UserStore.swift */; };
		79BD76792B59C53900CA3D68 /* ChannelStore.swift in Sources */ = {isa = PBXBuildFile; fileRef = 79BD76782B59C53900CA3D68 /* ChannelStore.swift */; };
		79BD767B2B59C61300CA3D68 /* MessageStore.swift in Sources */ = {isa = PBXBuildFile; fileRef = 79BD767A2B59C61300CA3D68 /* MessageStore.swift */; };
		79BE429E2D942E8100B9DDF4 /* ThirdPartyAuthClerk.swift in Sources */ = {isa = PBXBuildFile; fileRef = 79BE429D2D942E7600B9DDF4 /* ThirdPartyAuthClerk.swift */; };
		79BE42A12D942EFD00B9DDF4 /* Clerk in Frameworks */ = {isa = PBXBuildFile; productRef = 79BE42A02D942EFD00B9DDF4 /* Clerk */; };
		79C9B8E52BBB16C0003AD942 /* SignInAnonymously.swift in Sources */ = {isa = PBXBuildFile; fileRef = 79C9B8E42BBB16C0003AD942 /* SignInAnonymously.swift */; };
		79D884CA2B3C18830009EA4A /* SlackCloneApp.swift in Sources */ = {isa = PBXBuildFile; fileRef = 79D884C92B3C18830009EA4A /* SlackCloneApp.swift */; };
		79D884CC2B3C18830009EA4A /* AppView.swift in Sources */ = {isa = PBXBuildFile; fileRef = 79D884CB2B3C18830009EA4A /* AppView.swift */; };
		79D884CE2B3C18840009EA4A /* Assets.xcassets in Resources */ = {isa = PBXBuildFile; fileRef = 79D884CD2B3C18840009EA4A /* Assets.xcassets */; };
		79D884D22B3C18840009EA4A /* Preview Assets.xcassets in Resources */ = {isa = PBXBuildFile; fileRef = 79D884D12B3C18840009EA4A /* Preview Assets.xcassets */; };
		79D884D72B3C18DB0009EA4A /* Supabase.swift in Sources */ = {isa = PBXBuildFile; fileRef = 79D884D62B3C18DB0009EA4A /* Supabase.swift */; };
		79D884D92B3C18E90009EA4A /* Supabase in Frameworks */ = {isa = PBXBuildFile; productRef = 79D884D82B3C18E90009EA4A /* Supabase */; };
		79D884DB2B3C191F0009EA4A /* ChannelListView.swift in Sources */ = {isa = PBXBuildFile; fileRef = 79D884DA2B3C191F0009EA4A /* ChannelListView.swift */; };
		79D884DD2B3C19320009EA4A /* MessagesView.swift in Sources */ = {isa = PBXBuildFile; fileRef = 79D884DC2B3C19320009EA4A /* MessagesView.swift */; };
		79E2B5552B9788BF0042CD21 /* GoogleSignInSDKFlow.swift in Sources */ = {isa = PBXBuildFile; fileRef = 79E2B5542B9788BF0042CD21 /* GoogleSignInSDKFlow.swift */; };
		79E2B5582B97890F0042CD21 /* GoogleSignIn in Frameworks */ = {isa = PBXBuildFile; productRef = 79E2B5572B97890F0042CD21 /* GoogleSignIn */; };
		79E2B55A2B97890F0042CD21 /* GoogleSignInSwift in Frameworks */ = {isa = PBXBuildFile; productRef = 79E2B5592B97890F0042CD21 /* GoogleSignInSwift */; };
		79E2B55C2B97A2310042CD21 /* UIApplicationExtensions.swift in Sources */ = {isa = PBXBuildFile; fileRef = 79E2B55B2B97A2310042CD21 /* UIApplicationExtensions.swift */; };
		79FEFFAF2B07873600D36347 /* UserManagementApp.swift in Sources */ = {isa = PBXBuildFile; fileRef = 79FEFFAE2B07873600D36347 /* UserManagementApp.swift */; };
		79FEFFB12B07873600D36347 /* AppView.swift in Sources */ = {isa = PBXBuildFile; fileRef = 79FEFFB02B07873600D36347 /* AppView.swift */; };
		79FEFFB32B07873700D36347 /* Assets.xcassets in Resources */ = {isa = PBXBuildFile; fileRef = 79FEFFB22B07873700D36347 /* Assets.xcassets */; };
		79FEFFB72B07873700D36347 /* Preview Assets.xcassets in Resources */ = {isa = PBXBuildFile; fileRef = 79FEFFB62B07873700D36347 /* Preview Assets.xcassets */; };
		79FEFFBC2B07874000D36347 /* Supabase in Frameworks */ = {isa = PBXBuildFile; productRef = 79FEFFBB2B07874000D36347 /* Supabase */; };
		79FEFFBE2B07894700D36347 /* Supabase.swift in Sources */ = {isa = PBXBuildFile; fileRef = 79FEFFBD2B07894700D36347 /* Supabase.swift */; };
		79FEFFC02B07895900D36347 /* AuthView.swift in Sources */ = {isa = PBXBuildFile; fileRef = 79FEFFBF2B07895900D36347 /* AuthView.swift */; };
		79FEFFC32B078CD800D36347 /* ProfileView.swift in Sources */ = {isa = PBXBuildFile; fileRef = 79FEFFC22B078CD800D36347 /* ProfileView.swift */; };
		79FEFFC52B078D7900D36347 /* Models.swift in Sources */ = {isa = PBXBuildFile; fileRef = 79FEFFC42B078D7900D36347 /* Models.swift */; };
		79FEFFC72B078FB000D36347 /* SwiftUIHelpers.swift in Sources */ = {isa = PBXBuildFile; fileRef = 79FEFFC62B078FB000D36347 /* SwiftUIHelpers.swift */; };
		79FEFFC92B0797F600D36347 /* AvatarImage.swift in Sources */ = {isa = PBXBuildFile; fileRef = 79FEFFC82B0797F600D36347 /* AvatarImage.swift */; };
		79FFA5B32CC04F8B00F8A807 /* Supabase.plist in Resources */ = {isa = PBXBuildFile; fileRef = 79FFA5B22CC04F8B00F8A807 /* Supabase.plist */; };
/* End PBXBuildFile section */

/* Begin PBXFileReference section */
		7928145C2CAB2CDE000B4ADB /* ResetPasswordView.swift */ = {isa = PBXFileReference; lastKnownFileType = sourcecode.swift; path = ResetPasswordView.swift; sourceTree = "<group>"; };
		793895C62954ABFF0044F2B8 /* Examples.app */ = {isa = PBXFileReference; explicitFileType = wrapper.application; includeInIndex = 0; path = Examples.app; sourceTree = BUILT_PRODUCTS_DIR; };
		793895C92954ABFF0044F2B8 /* ExamplesApp.swift */ = {isa = PBXFileReference; lastKnownFileType = sourcecode.swift; path = ExamplesApp.swift; sourceTree = "<group>"; };
		793895CB2954ABFF0044F2B8 /* RootView.swift */ = {isa = PBXFileReference; lastKnownFileType = sourcecode.swift; path = RootView.swift; sourceTree = "<group>"; };
		793895CD2954AC000044F2B8 /* Assets.xcassets */ = {isa = PBXFileReference; lastKnownFileType = folder.assetcatalog; path = Assets.xcassets; sourceTree = "<group>"; };
		793895CF2954AC000044F2B8 /* Examples.entitlements */ = {isa = PBXFileReference; lastKnownFileType = text.plist.entitlements; path = Examples.entitlements; sourceTree = "<group>"; };
		793895D12954AC000044F2B8 /* Preview Assets.xcassets */ = {isa = PBXFileReference; lastKnownFileType = folder.assetcatalog; path = "Preview Assets.xcassets"; sourceTree = "<group>"; };
		793E03082B2CED5D00AC7DED /* Constants.swift */ = {isa = PBXFileReference; lastKnownFileType = sourcecode.swift; path = Constants.swift; sourceTree = "<group>"; };
		793E030A2B2CEDDA00AC7DED /* ActionState.swift */ = {isa = PBXFileReference; lastKnownFileType = sourcecode.swift; path = ActionState.swift; sourceTree = "<group>"; };
		793E030C2B2DAB5700AC7DED /* SignInWithApple.swift */ = {isa = PBXFileReference; lastKnownFileType = sourcecode.swift; path = SignInWithApple.swift; sourceTree = "<group>"; };
		79401F322BC6FEAE004C9C0F /* SignInWithOAuth.swift */ = {isa = PBXFileReference; lastKnownFileType = sourcecode.swift; path = SignInWithOAuth.swift; sourceTree = "<group>"; };
		79401F342BC708C8004C9C0F /* UIViewControllerWrapper.swift */ = {isa = PBXFileReference; lastKnownFileType = sourcecode.swift; path = UIViewControllerWrapper.swift; sourceTree = "<group>"; };
		794C61D52BAD1E12000E6B0F /* UserIdentityList.swift */ = {isa = PBXFileReference; lastKnownFileType = sourcecode.swift; path = UserIdentityList.swift; sourceTree = "<group>"; };
		794EF1212955F26A008C9526 /* AddTodoListView.swift */ = {isa = PBXFileReference; lastKnownFileType = sourcecode.swift; path = AddTodoListView.swift; sourceTree = "<group>"; };
		794EF1232955F3DE008C9526 /* TodoListRow.swift */ = {isa = PBXFileReference; lastKnownFileType = sourcecode.swift; path = TodoListRow.swift; sourceTree = "<group>"; };
		7956405D2954ADE00088A06F /* SupabaseConfig.swift */ = {isa = PBXFileReference; lastKnownFileType = sourcecode.swift; path = SupabaseConfig.swift; sourceTree = "<group>"; };
		7956405F2954AE140088A06F /* AuthController.swift */ = {isa = PBXFileReference; lastKnownFileType = sourcecode.swift; path = AuthController.swift; sourceTree = "<group>"; };
		795640612955AD2B0088A06F /* HomeView.swift */ = {isa = PBXFileReference; lastKnownFileType = sourcecode.swift; path = HomeView.swift; sourceTree = "<group>"; };
		795640652955AE9C0088A06F /* TodoListView.swift */ = {isa = PBXFileReference; lastKnownFileType = sourcecode.swift; path = TodoListView.swift; sourceTree = "<group>"; };
		795640672955AEB30088A06F /* Models.swift */ = {isa = PBXFileReference; lastKnownFileType = sourcecode.swift; path = Models.swift; sourceTree = "<group>"; };
		795640692955AFBD0088A06F /* ErrorText.swift */ = {isa = PBXFileReference; lastKnownFileType = sourcecode.swift; path = ErrorText.swift; sourceTree = "<group>"; };
		796298982AEBBA77000AA957 /* MFAFlow.swift */ = {isa = PBXFileReference; lastKnownFileType = sourcecode.swift; path = MFAFlow.swift; sourceTree = "<group>"; };
		7962989A2AEBBD9F000AA957 /* Info.plist */ = {isa = PBXFileReference; lastKnownFileType = text.plist; path = Info.plist; sourceTree = "<group>"; };
		797D66492B46A1D8007592ED /* Dependencies.swift */ = {isa = PBXFileReference; lastKnownFileType = sourcecode.swift; path = Dependencies.swift; sourceTree = "<group>"; };
		797EFB652BABD82A00098D6B /* BucketList.swift */ = {isa = PBXFileReference; lastKnownFileType = sourcecode.swift; path = BucketList.swift; sourceTree = "<group>"; };
		797EFB672BABD90500098D6B /* Stringfy.swift */ = {isa = PBXFileReference; lastKnownFileType = sourcecode.swift; path = Stringfy.swift; sourceTree = "<group>"; };
		797EFB692BABDF3800098D6B /* BucketDetailView.swift */ = {isa = PBXFileReference; lastKnownFileType = sourcecode.swift; path = BucketDetailView.swift; sourceTree = "<group>"; };
		797EFB6B2BABE1B800098D6B /* FileObjectDetailView.swift */ = {isa = PBXFileReference; lastKnownFileType = sourcecode.swift; path = FileObjectDetailView.swift; sourceTree = "<group>"; };
		7993B8A82B3C673A009B610B /* AuthView.swift */ = {isa = PBXFileReference; lastKnownFileType = sourcecode.swift; path = AuthView.swift; sourceTree = "<group>"; };
		7993B8AA2B3C67E0009B610B /* Toast.swift */ = {isa = PBXFileReference; lastKnownFileType = sourcecode.swift; path = Toast.swift; sourceTree = "<group>"; };
		7993B8AC2B3C97B6009B610B /* Info.plist */ = {isa = PBXFileReference; lastKnownFileType = text.plist; path = Info.plist; sourceTree = "<group>"; };
		799EE6A22C877BF900FD9DD7 /* SignInWithPhone.swift */ = {isa = PBXFileReference; lastKnownFileType = sourcecode.swift; path = SignInWithPhone.swift; sourceTree = "<group>"; };
		79AF047E2B2CE207008761AD /* AuthWithEmailAndPassword.swift */ = {isa = PBXFileReference; lastKnownFileType = sourcecode.swift; path = AuthWithEmailAndPassword.swift; sourceTree = "<group>"; };
		79AF04802B2CE261008761AD /* AuthView.swift */ = {isa = PBXFileReference; lastKnownFileType = sourcecode.swift; path = AuthView.swift; sourceTree = "<group>"; };
		79AF04832B2CE408008761AD /* AuthWithMagicLink.swift */ = {isa = PBXFileReference; lastKnownFileType = sourcecode.swift; path = AuthWithMagicLink.swift; sourceTree = "<group>"; };
		79AF04852B2CE586008761AD /* Debug.swift */ = {isa = PBXFileReference; lastKnownFileType = sourcecode.swift; path = Debug.swift; sourceTree = "<group>"; };
		79B1C80B2BABFF8000D991AA /* ProfileView.swift */ = {isa = PBXFileReference; lastKnownFileType = sourcecode.swift; path = ProfileView.swift; sourceTree = "<group>"; };
		79B1C80D2BAC017C00D991AA /* AnyJSONView.swift */ = {isa = PBXFileReference; lastKnownFileType = sourcecode.swift; path = AnyJSONView.swift; sourceTree = "<group>"; };
		79B3261B2BF359A50023661C /* UpdateProfileView.swift */ = {isa = PBXFileReference; lastKnownFileType = sourcecode.swift; path = UpdateProfileView.swift; sourceTree = "<group>"; };
		79B8F4252B602F640000E839 /* Logger.swift */ = {isa = PBXFileReference; lastKnownFileType = sourcecode.swift; path = Logger.swift; sourceTree = "<group>"; };
		79BD76762B59C3E300CA3D68 /* UserStore.swift */ = {isa = PBXFileReference; lastKnownFileType = sourcecode.swift; path = UserStore.swift; sourceTree = "<group>"; };
		79BD76782B59C53900CA3D68 /* ChannelStore.swift */ = {isa = PBXFileReference; lastKnownFileType = sourcecode.swift; path = ChannelStore.swift; sourceTree = "<group>"; };
		79BD767A2B59C61300CA3D68 /* MessageStore.swift */ = {isa = PBXFileReference; lastKnownFileType = sourcecode.swift; path = MessageStore.swift; sourceTree = "<group>"; };
		79BE429D2D942E7600B9DDF4 /* ThirdPartyAuthClerk.swift */ = {isa = PBXFileReference; lastKnownFileType = sourcecode.swift; path = ThirdPartyAuthClerk.swift; sourceTree = "<group>"; };
		79C9B8E42BBB16C0003AD942 /* SignInAnonymously.swift */ = {isa = PBXFileReference; lastKnownFileType = sourcecode.swift; path = SignInAnonymously.swift; sourceTree = "<group>"; };
		79D884C72B3C18830009EA4A /* SlackClone.app */ = {isa = PBXFileReference; explicitFileType = wrapper.application; includeInIndex = 0; path = SlackClone.app; sourceTree = BUILT_PRODUCTS_DIR; };
		79D884C92B3C18830009EA4A /* SlackCloneApp.swift */ = {isa = PBXFileReference; lastKnownFileType = sourcecode.swift; path = SlackCloneApp.swift; sourceTree = "<group>"; };
		79D884CB2B3C18830009EA4A /* AppView.swift */ = {isa = PBXFileReference; lastKnownFileType = sourcecode.swift; path = AppView.swift; sourceTree = "<group>"; };
		79D884CD2B3C18840009EA4A /* Assets.xcassets */ = {isa = PBXFileReference; lastKnownFileType = folder.assetcatalog; path = Assets.xcassets; sourceTree = "<group>"; };
		79D884CF2B3C18840009EA4A /* SlackClone.entitlements */ = {isa = PBXFileReference; lastKnownFileType = text.plist.entitlements; path = SlackClone.entitlements; sourceTree = "<group>"; };
		79D884D12B3C18840009EA4A /* Preview Assets.xcassets */ = {isa = PBXFileReference; lastKnownFileType = folder.assetcatalog; path = "Preview Assets.xcassets"; sourceTree = "<group>"; };
		79D884D62B3C18DB0009EA4A /* Supabase.swift */ = {isa = PBXFileReference; lastKnownFileType = sourcecode.swift; path = Supabase.swift; sourceTree = "<group>"; };
		79D884DA2B3C191F0009EA4A /* ChannelListView.swift */ = {isa = PBXFileReference; lastKnownFileType = sourcecode.swift; path = ChannelListView.swift; sourceTree = "<group>"; };
		79D884DC2B3C19320009EA4A /* MessagesView.swift */ = {isa = PBXFileReference; lastKnownFileType = sourcecode.swift; path = MessagesView.swift; sourceTree = "<group>"; };
		79E2B5542B9788BF0042CD21 /* GoogleSignInSDKFlow.swift */ = {isa = PBXFileReference; lastKnownFileType = sourcecode.swift; path = GoogleSignInSDKFlow.swift; sourceTree = "<group>"; };
		79E2B55B2B97A2310042CD21 /* UIApplicationExtensions.swift */ = {isa = PBXFileReference; lastKnownFileType = sourcecode.swift; path = UIApplicationExtensions.swift; sourceTree = "<group>"; };
		79FEFFAC2B07873600D36347 /* UserManagement.app */ = {isa = PBXFileReference; explicitFileType = wrapper.application; includeInIndex = 0; path = UserManagement.app; sourceTree = BUILT_PRODUCTS_DIR; };
		79FEFFAE2B07873600D36347 /* UserManagementApp.swift */ = {isa = PBXFileReference; lastKnownFileType = sourcecode.swift; path = UserManagementApp.swift; sourceTree = "<group>"; };
		79FEFFB02B07873600D36347 /* AppView.swift */ = {isa = PBXFileReference; lastKnownFileType = sourcecode.swift; path = AppView.swift; sourceTree = "<group>"; };
		79FEFFB22B07873700D36347 /* Assets.xcassets */ = {isa = PBXFileReference; lastKnownFileType = folder.assetcatalog; path = Assets.xcassets; sourceTree = "<group>"; };
		79FEFFB42B07873700D36347 /* UserManagement.entitlements */ = {isa = PBXFileReference; lastKnownFileType = text.plist.entitlements; path = UserManagement.entitlements; sourceTree = "<group>"; };
		79FEFFB62B07873700D36347 /* Preview Assets.xcassets */ = {isa = PBXFileReference; lastKnownFileType = folder.assetcatalog; path = "Preview Assets.xcassets"; sourceTree = "<group>"; };
		79FEFFBD2B07894700D36347 /* Supabase.swift */ = {isa = PBXFileReference; lastKnownFileType = sourcecode.swift; path = Supabase.swift; sourceTree = "<group>"; };
		79FEFFBF2B07895900D36347 /* AuthView.swift */ = {isa = PBXFileReference; lastKnownFileType = sourcecode.swift; path = AuthView.swift; sourceTree = "<group>"; };
		79FEFFC12B078B6100D36347 /* Info.plist */ = {isa = PBXFileReference; lastKnownFileType = text.plist; path = Info.plist; sourceTree = "<group>"; };
		79FEFFC22B078CD800D36347 /* ProfileView.swift */ = {isa = PBXFileReference; lastKnownFileType = sourcecode.swift; path = ProfileView.swift; sourceTree = "<group>"; };
		79FEFFC42B078D7900D36347 /* Models.swift */ = {isa = PBXFileReference; lastKnownFileType = sourcecode.swift; path = Models.swift; sourceTree = "<group>"; };
		79FEFFC62B078FB000D36347 /* SwiftUIHelpers.swift */ = {isa = PBXFileReference; lastKnownFileType = sourcecode.swift; path = SwiftUIHelpers.swift; sourceTree = "<group>"; };
		79FEFFC82B0797F600D36347 /* AvatarImage.swift */ = {isa = PBXFileReference; lastKnownFileType = sourcecode.swift; path = AvatarImage.swift; sourceTree = "<group>"; };
		79FFA5B22CC04F8B00F8A807 /* Supabase.plist */ = {isa = PBXFileReference; lastKnownFileType = text.plist.xml; path = Supabase.plist; sourceTree = "<group>"; };
/* End PBXFileReference section */

/* Begin PBXFrameworksBuildPhase section */
		793895C32954ABFF0044F2B8 /* Frameworks */ = {
			isa = PBXFrameworksBuildPhase;
			buildActionMask = 2147483647;
			files = (
				79BE42A12D942EFD00B9DDF4 /* Clerk in Frameworks */,
				79E2B5582B97890F0042CD21 /* GoogleSignIn in Frameworks */,
				795640702955B5190088A06F /* IdentifiedCollections in Frameworks */,
				7956406D2955B3500088A06F /* SwiftUINavigation in Frameworks */,
				79E2B55A2B97890F0042CD21 /* GoogleSignInSwift in Frameworks */,
				7962989D2AEBC6F9000AA957 /* SVGView in Frameworks */,
				79719ECE2ADF26C400737804 /* Supabase in Frameworks */,
			);
			runOnlyForDeploymentPostprocessing = 0;
		};
		79D884C42B3C18830009EA4A /* Frameworks */ = {
			isa = PBXFrameworksBuildPhase;
			buildActionMask = 2147483647;
			files = (
				79D884D92B3C18E90009EA4A /* Supabase in Frameworks */,
				79B8F4242B5FED7C0000E839 /* IdentifiedCollections in Frameworks */,
			);
			runOnlyForDeploymentPostprocessing = 0;
		};
		79FEFFA92B07873600D36347 /* Frameworks */ = {
			isa = PBXFrameworksBuildPhase;
			buildActionMask = 2147483647;
			files = (
				79FEFFBC2B07874000D36347 /* Supabase in Frameworks */,
			);
			runOnlyForDeploymentPostprocessing = 0;
		};
/* End PBXFrameworksBuildPhase section */

/* Begin PBXGroup section */
		793895BD2954ABFF0044F2B8 = {
			isa = PBXGroup;
			children = (
				793895C82954ABFF0044F2B8 /* Examples */,
				79FEFFAD2B07873600D36347 /* UserManagement */,
				79D884C82B3C18830009EA4A /* SlackClone */,
				793895C72954ABFF0044F2B8 /* Products */,
				7956405A2954AC3E0088A06F /* Frameworks */,
			);
			sourceTree = "<group>";
		};
		793895C72954ABFF0044F2B8 /* Products */ = {
			isa = PBXGroup;
			children = (
				793895C62954ABFF0044F2B8 /* Examples.app */,
				79FEFFAC2B07873600D36347 /* UserManagement.app */,
				79D884C72B3C18830009EA4A /* SlackClone.app */,
			);
			name = Products;
			sourceTree = "<group>";
		};
		793895C82954ABFF0044F2B8 /* Examples */ = {
			isa = PBXGroup;
			children = (
				79BE429D2D942E7600B9DDF4 /* ThirdPartyAuthClerk.swift */,
				79B1C80A2BABFF6F00D991AA /* Profile */,
				797EFB642BABD7FF00098D6B /* Storage */,
				79AF04822B2CE3BD008761AD /* Auth */,
				7962989A2AEBBD9F000AA957 /* Info.plist */,
				793895CD2954AC000044F2B8 /* Assets.xcassets */,
				793895CF2954AC000044F2B8 /* Examples.entitlements */,
				793895C92954ABFF0044F2B8 /* ExamplesApp.swift */,
				793895D02954AC000044F2B8 /* Preview Content */,
				793895CB2954ABFF0044F2B8 /* RootView.swift */,
				7956405D2954ADE00088A06F /* SupabaseConfig.swift */,
				795640612955AD2B0088A06F /* HomeView.swift */,
				795640652955AE9C0088A06F /* TodoListView.swift */,
				795640672955AEB30088A06F /* Models.swift */,
				795640692955AFBD0088A06F /* ErrorText.swift */,
				794EF1212955F26A008C9526 /* AddTodoListView.swift */,
				794EF1232955F3DE008C9526 /* TodoListRow.swift */,
				796298982AEBBA77000AA957 /* MFAFlow.swift */,
				79AF04852B2CE586008761AD /* Debug.swift */,
				793E03082B2CED5D00AC7DED /* Constants.swift */,
				793E030A2B2CEDDA00AC7DED /* ActionState.swift */,
				79E2B55B2B97A2310042CD21 /* UIApplicationExtensions.swift */,
				797EFB672BABD90500098D6B /* Stringfy.swift */,
				79B1C80D2BAC017C00D991AA /* AnyJSONView.swift */,
				79401F342BC708C8004C9C0F /* UIViewControllerWrapper.swift */,
				79FFA5B22CC04F8B00F8A807 /* Supabase.plist */,
			);
			path = Examples;
			sourceTree = "<group>";
		};
		793895D02954AC000044F2B8 /* Preview Content */ = {
			isa = PBXGroup;
			children = (
				793895D12954AC000044F2B8 /* Preview Assets.xcassets */,
			);
			path = "Preview Content";
			sourceTree = "<group>";
		};
		7956405A2954AC3E0088A06F /* Frameworks */ = {
			isa = PBXGroup;
			children = (
			);
			name = Frameworks;
			sourceTree = "<group>";
		};
		797EFB642BABD7FF00098D6B /* Storage */ = {
			isa = PBXGroup;
			children = (
				797EFB652BABD82A00098D6B /* BucketList.swift */,
				797EFB692BABDF3800098D6B /* BucketDetailView.swift */,
				797EFB6B2BABE1B800098D6B /* FileObjectDetailView.swift */,
			);
			path = Storage;
			sourceTree = "<group>";
		};
		79AF04822B2CE3BD008761AD /* Auth */ = {
			isa = PBXGroup;
			children = (
				799EE6A22C877BF900FD9DD7 /* SignInWithPhone.swift */,
				7956405F2954AE140088A06F /* AuthController.swift */,
				79AF04802B2CE261008761AD /* AuthView.swift */,
				79AF047E2B2CE207008761AD /* AuthWithEmailAndPassword.swift */,
				79AF04832B2CE408008761AD /* AuthWithMagicLink.swift */,
				793E030C2B2DAB5700AC7DED /* SignInWithApple.swift */,
				79E2B5542B9788BF0042CD21 /* GoogleSignInSDKFlow.swift */,
				79C9B8E42BBB16C0003AD942 /* SignInAnonymously.swift */,
				79401F322BC6FEAE004C9C0F /* SignInWithOAuth.swift */,
			);
			path = Auth;
			sourceTree = "<group>";
		};
		79B1C80A2BABFF6F00D991AA /* Profile */ = {
			isa = PBXGroup;
			children = (
				7928145C2CAB2CDE000B4ADB /* ResetPasswordView.swift */,
				79B1C80B2BABFF8000D991AA /* ProfileView.swift */,
				794C61D52BAD1E12000E6B0F /* UserIdentityList.swift */,
				79B3261B2BF359A50023661C /* UpdateProfileView.swift */,
			);
			path = Profile;
			sourceTree = "<group>";
		};
		79D884C82B3C18830009EA4A /* SlackClone */ = {
			isa = PBXGroup;
			children = (
				7993B8AC2B3C97B6009B610B /* Info.plist */,
				79D884C92B3C18830009EA4A /* SlackCloneApp.swift */,
				79D884CB2B3C18830009EA4A /* AppView.swift */,
				79D884CD2B3C18840009EA4A /* Assets.xcassets */,
				79D884CF2B3C18840009EA4A /* SlackClone.entitlements */,
				79D884D02B3C18840009EA4A /* Preview Content */,
				79D884D62B3C18DB0009EA4A /* Supabase.swift */,
				79D884DA2B3C191F0009EA4A /* ChannelListView.swift */,
				79D884DC2B3C19320009EA4A /* MessagesView.swift */,
				7993B8A82B3C673A009B610B /* AuthView.swift */,
				7993B8AA2B3C67E0009B610B /* Toast.swift */,
				797D66492B46A1D8007592ED /* Dependencies.swift */,
				79BD76762B59C3E300CA3D68 /* UserStore.swift */,
				79BD76782B59C53900CA3D68 /* ChannelStore.swift */,
				79BD767A2B59C61300CA3D68 /* MessageStore.swift */,
				79B8F4252B602F640000E839 /* Logger.swift */,
			);
			path = SlackClone;
			sourceTree = "<group>";
		};
		79D884D02B3C18840009EA4A /* Preview Content */ = {
			isa = PBXGroup;
			children = (
				79D884D12B3C18840009EA4A /* Preview Assets.xcassets */,
			);
			path = "Preview Content";
			sourceTree = "<group>";
		};
		79FEFFAD2B07873600D36347 /* UserManagement */ = {
			isa = PBXGroup;
			children = (
				79FEFFB02B07873600D36347 /* AppView.swift */,
				79FEFFB22B07873700D36347 /* Assets.xcassets */,
				79FEFFBF2B07895900D36347 /* AuthView.swift */,
				79FEFFC82B0797F600D36347 /* AvatarImage.swift */,
				79FEFFC12B078B6100D36347 /* Info.plist */,
				79FEFFC42B078D7900D36347 /* Models.swift */,
				79FEFFB52B07873700D36347 /* Preview Content */,
				79FEFFC22B078CD800D36347 /* ProfileView.swift */,
				79FEFFBD2B07894700D36347 /* Supabase.swift */,
				79FEFFC62B078FB000D36347 /* SwiftUIHelpers.swift */,
				79FEFFB42B07873700D36347 /* UserManagement.entitlements */,
				79FEFFAE2B07873600D36347 /* UserManagementApp.swift */,
			);
			path = UserManagement;
			sourceTree = "<group>";
		};
		79FEFFB52B07873700D36347 /* Preview Content */ = {
			isa = PBXGroup;
			children = (
				79FEFFB62B07873700D36347 /* Preview Assets.xcassets */,
			);
			path = "Preview Content";
			sourceTree = "<group>";
		};
/* End PBXGroup section */

/* Begin PBXNativeTarget section */
		793895C52954ABFF0044F2B8 /* Examples */ = {
			isa = PBXNativeTarget;
			buildConfigurationList = 793895D52954AC000044F2B8 /* Build configuration list for PBXNativeTarget "Examples" */;
			buildPhases = (
				793895C22954ABFF0044F2B8 /* Sources */,
				793895C32954ABFF0044F2B8 /* Frameworks */,
				793895C42954ABFF0044F2B8 /* Resources */,
			);
			buildRules = (
			);
			dependencies = (
			);
			name = Examples;
			packageProductDependencies = (
				7956406C2955B3500088A06F /* SwiftUINavigation */,
				7956406F2955B5190088A06F /* IdentifiedCollections */,
				79719ECD2ADF26C400737804 /* Supabase */,
				7962989C2AEBC6F9000AA957 /* SVGView */,
				79E2B5572B97890F0042CD21 /* GoogleSignIn */,
				79E2B5592B97890F0042CD21 /* GoogleSignInSwift */,
				79BE42A02D942EFD00B9DDF4 /* Clerk */,
			);
			productName = Examples;
			productReference = 793895C62954ABFF0044F2B8 /* Examples.app */;
			productType = "com.apple.product-type.application";
		};
		79D884C62B3C18830009EA4A /* SlackClone */ = {
			isa = PBXNativeTarget;
			buildConfigurationList = 79D884D52B3C18840009EA4A /* Build configuration list for PBXNativeTarget "SlackClone" */;
			buildPhases = (
				79D884C32B3C18830009EA4A /* Sources */,
				79D884C42B3C18830009EA4A /* Frameworks */,
				79D884C52B3C18830009EA4A /* Resources */,
			);
			buildRules = (
			);
			dependencies = (
			);
			name = SlackClone;
			packageProductDependencies = (
				79D884D82B3C18E90009EA4A /* Supabase */,
				79B8F4232B5FED7C0000E839 /* IdentifiedCollections */,
			);
			productName = SlackClone;
			productReference = 79D884C72B3C18830009EA4A /* SlackClone.app */;
			productType = "com.apple.product-type.application";
		};
		79FEFFAB2B07873600D36347 /* UserManagement */ = {
			isa = PBXNativeTarget;
			buildConfigurationList = 79FEFFB82B07873700D36347 /* Build configuration list for PBXNativeTarget "UserManagement" */;
			buildPhases = (
				79FEFFA82B07873600D36347 /* Sources */,
				79FEFFA92B07873600D36347 /* Frameworks */,
				79FEFFAA2B07873600D36347 /* Resources */,
			);
			buildRules = (
			);
			dependencies = (
			);
			name = UserManagement;
			packageProductDependencies = (
				79FEFFBB2B07874000D36347 /* Supabase */,
			);
			productName = UserManagement;
			productReference = 79FEFFAC2B07873600D36347 /* UserManagement.app */;
			productType = "com.apple.product-type.application";
		};
/* End PBXNativeTarget section */

/* Begin PBXProject section */
		793895BE2954ABFF0044F2B8 /* Project object */ = {
			isa = PBXProject;
			attributes = {
				BuildIndependentTargetsInParallel = 1;
				LastSwiftUpdateCheck = 1510;
				LastUpgradeCheck = 1510;
				TargetAttributes = {
					793895C52954ABFF0044F2B8 = {
						CreatedOnToolsVersion = 14.1;
					};
					79D884C62B3C18830009EA4A = {
						CreatedOnToolsVersion = 15.1;
					};
					79FEFFAB2B07873600D36347 = {
						CreatedOnToolsVersion = 15.0.1;
					};
				};
			};
			buildConfigurationList = 793895C12954ABFF0044F2B8 /* Build configuration list for PBXProject "Examples" */;
			compatibilityVersion = "Xcode 14.0";
			developmentRegion = en;
			hasScannedForEncodings = 0;
			knownRegions = (
				en,
				Base,
			);
			mainGroup = 793895BD2954ABFF0044F2B8;
			packageReferences = (
				7956406B2955B3500088A06F /* XCRemoteSwiftPackageReference "swiftui-navigation" */,
				7956406E2955B5190088A06F /* XCRemoteSwiftPackageReference "swift-identified-collections" */,
				7962989B2AEBC6F9000AA957 /* XCRemoteSwiftPackageReference "SVGView" */,
				79E2B5562B97890F0042CD21 /* XCRemoteSwiftPackageReference "GoogleSignIn-iOS" */,
				79BE429F2D942EFD00B9DDF4 /* XCRemoteSwiftPackageReference "clerk-ios" */,
			);
			productRefGroup = 793895C72954ABFF0044F2B8 /* Products */;
			projectDirPath = "";
			projectRoot = "";
			targets = (
				793895C52954ABFF0044F2B8 /* Examples */,
				79FEFFAB2B07873600D36347 /* UserManagement */,
				79D884C62B3C18830009EA4A /* SlackClone */,
			);
		};
/* End PBXProject section */

/* Begin PBXResourcesBuildPhase section */
		793895C42954ABFF0044F2B8 /* Resources */ = {
			isa = PBXResourcesBuildPhase;
			buildActionMask = 2147483647;
			files = (
				79FFA5B32CC04F8B00F8A807 /* Supabase.plist in Resources */,
				793895D22954AC000044F2B8 /* Preview Assets.xcassets in Resources */,
				793895CE2954AC000044F2B8 /* Assets.xcassets in Resources */,
			);
			runOnlyForDeploymentPostprocessing = 0;
		};
		79D884C52B3C18830009EA4A /* Resources */ = {
			isa = PBXResourcesBuildPhase;
			buildActionMask = 2147483647;
			files = (
				79D884D22B3C18840009EA4A /* Preview Assets.xcassets in Resources */,
				79D884CE2B3C18840009EA4A /* Assets.xcassets in Resources */,
			);
			runOnlyForDeploymentPostprocessing = 0;
		};
		79FEFFAA2B07873600D36347 /* Resources */ = {
			isa = PBXResourcesBuildPhase;
			buildActionMask = 2147483647;
			files = (
				79FEFFB72B07873700D36347 /* Preview Assets.xcassets in Resources */,
				79FEFFB32B07873700D36347 /* Assets.xcassets in Resources */,
			);
			runOnlyForDeploymentPostprocessing = 0;
		};
/* End PBXResourcesBuildPhase section */

/* Begin PBXSourcesBuildPhase section */
		793895C22954ABFF0044F2B8 /* Sources */ = {
			isa = PBXSourcesBuildPhase;
			buildActionMask = 2147483647;
			files = (
				796298992AEBBA77000AA957 /* MFAFlow.swift in Sources */,
				799EE6A32C877BFB00FD9DD7 /* SignInWithPhone.swift in Sources */,
				79AF04862B2CE586008761AD /* Debug.swift in Sources */,
				79AF04842B2CE408008761AD /* AuthWithMagicLink.swift in Sources */,
				79401F352BC708C8004C9C0F /* UIViewControllerWrapper.swift in Sources */,
				79401F332BC6FEAE004C9C0F /* SignInWithOAuth.swift in Sources */,
				79B1C80E2BAC017C00D991AA /* AnyJSONView.swift in Sources */,
				79E2B5552B9788BF0042CD21 /* GoogleSignInSDKFlow.swift in Sources */,
				793E03092B2CED5D00AC7DED /* Constants.swift in Sources */,
				794C61D62BAD1E12000E6B0F /* UserIdentityList.swift in Sources */,
				793895CC2954ABFF0044F2B8 /* RootView.swift in Sources */,
				7956406A2955AFBD0088A06F /* ErrorText.swift in Sources */,
				79AF04812B2CE261008761AD /* AuthView.swift in Sources */,
				79B3261C2BF359A50023661C /* UpdateProfileView.swift in Sources */,
				794EF1242955F3DE008C9526 /* TodoListRow.swift in Sources */,
				797EFB662BABD82A00098D6B /* BucketList.swift in Sources */,
				79E2B55C2B97A2310042CD21 /* UIApplicationExtensions.swift in Sources */,
				794EF1222955F26A008C9526 /* AddTodoListView.swift in Sources */,
				7928145D2CAB2CE2000B4ADB /* ResetPasswordView.swift in Sources */,
				7956405E2954ADE00088A06F /* SupabaseConfig.swift in Sources */,
				795640682955AEB30088A06F /* Models.swift in Sources */,
				79B1C80C2BABFF8000D991AA /* ProfileView.swift in Sources */,
				795640662955AE9C0088A06F /* TodoListView.swift in Sources */,
				795640602954AE140088A06F /* AuthController.swift in Sources */,
				79AF047F2B2CE207008761AD /* AuthWithEmailAndPassword.swift in Sources */,
				795640622955AD2B0088A06F /* HomeView.swift in Sources */,
				793895CA2954ABFF0044F2B8 /* ExamplesApp.swift in Sources */,
				797EFB682BABD90500098D6B /* Stringfy.swift in Sources */,
				797EFB6C2BABE1B800098D6B /* FileObjectDetailView.swift in Sources */,
				79C9B8E52BBB16C0003AD942 /* SignInAnonymously.swift in Sources */,
				797EFB6A2BABDF3800098D6B /* BucketDetailView.swift in Sources */,
				793E030D2B2DAB5700AC7DED /* SignInWithApple.swift in Sources */,
				79BE429E2D942E8100B9DDF4 /* ThirdPartyAuthClerk.swift in Sources */,
				793E030B2B2CEDDA00AC7DED /* ActionState.swift in Sources */,
			);
			runOnlyForDeploymentPostprocessing = 0;
		};
		79D884C32B3C18830009EA4A /* Sources */ = {
			isa = PBXSourcesBuildPhase;
			buildActionMask = 2147483647;
			files = (
				7993B8A92B3C673A009B610B /* AuthView.swift in Sources */,
				7993B8AB2B3C67E0009B610B /* Toast.swift in Sources */,
				79D884DD2B3C19320009EA4A /* MessagesView.swift in Sources */,
				79BD76792B59C53900CA3D68 /* ChannelStore.swift in Sources */,
				797D664A2B46A1D8007592ED /* Dependencies.swift in Sources */,
				79D884DB2B3C191F0009EA4A /* ChannelListView.swift in Sources */,
				79BD767B2B59C61300CA3D68 /* MessageStore.swift in Sources */,
				79B8F4262B602F640000E839 /* Logger.swift in Sources */,
				79D884CC2B3C18830009EA4A /* AppView.swift in Sources */,
				79BD76772B59C3E300CA3D68 /* UserStore.swift in Sources */,
				79D884D72B3C18DB0009EA4A /* Supabase.swift in Sources */,
				79D884CA2B3C18830009EA4A /* SlackCloneApp.swift in Sources */,
			);
			runOnlyForDeploymentPostprocessing = 0;
		};
		79FEFFA82B07873600D36347 /* Sources */ = {
			isa = PBXSourcesBuildPhase;
			buildActionMask = 2147483647;
			files = (
				79FEFFB12B07873600D36347 /* AppView.swift in Sources */,
				79FEFFBE2B07894700D36347 /* Supabase.swift in Sources */,
				79FEFFC32B078CD800D36347 /* ProfileView.swift in Sources */,
				79FEFFC52B078D7900D36347 /* Models.swift in Sources */,
				79FEFFC72B078FB000D36347 /* SwiftUIHelpers.swift in Sources */,
				79FEFFC02B07895900D36347 /* AuthView.swift in Sources */,
				79FEFFC92B0797F600D36347 /* AvatarImage.swift in Sources */,
				79FEFFAF2B07873600D36347 /* UserManagementApp.swift in Sources */,
			);
			runOnlyForDeploymentPostprocessing = 0;
		};
/* End PBXSourcesBuildPhase section */

/* Begin XCBuildConfiguration section */
		793895D32954AC000044F2B8 /* Debug */ = {
			isa = XCBuildConfiguration;
			buildSettings = {
				ALWAYS_SEARCH_USER_PATHS = NO;
				ASSETCATALOG_COMPILER_GENERATE_SWIFT_ASSET_SYMBOL_EXTENSIONS = YES;
				CLANG_ANALYZER_NONNULL = YES;
				CLANG_ANALYZER_NUMBER_OBJECT_CONVERSION = YES_AGGRESSIVE;
				CLANG_CXX_LANGUAGE_STANDARD = "gnu++20";
				CLANG_ENABLE_MODULES = YES;
				CLANG_ENABLE_OBJC_ARC = YES;
				CLANG_ENABLE_OBJC_WEAK = YES;
				CLANG_WARN_BLOCK_CAPTURE_AUTORELEASING = YES;
				CLANG_WARN_BOOL_CONVERSION = YES;
				CLANG_WARN_COMMA = YES;
				CLANG_WARN_CONSTANT_CONVERSION = YES;
				CLANG_WARN_DEPRECATED_OBJC_IMPLEMENTATIONS = YES;
				CLANG_WARN_DIRECT_OBJC_ISA_USAGE = YES_ERROR;
				CLANG_WARN_DOCUMENTATION_COMMENTS = YES;
				CLANG_WARN_EMPTY_BODY = YES;
				CLANG_WARN_ENUM_CONVERSION = YES;
				CLANG_WARN_INFINITE_RECURSION = YES;
				CLANG_WARN_INT_CONVERSION = YES;
				CLANG_WARN_NON_LITERAL_NULL_CONVERSION = YES;
				CLANG_WARN_OBJC_IMPLICIT_RETAIN_SELF = YES;
				CLANG_WARN_OBJC_LITERAL_CONVERSION = YES;
				CLANG_WARN_OBJC_ROOT_CLASS = YES_ERROR;
				CLANG_WARN_QUOTED_INCLUDE_IN_FRAMEWORK_HEADER = YES;
				CLANG_WARN_RANGE_LOOP_ANALYSIS = YES;
				CLANG_WARN_STRICT_PROTOTYPES = YES;
				CLANG_WARN_SUSPICIOUS_MOVE = YES;
				CLANG_WARN_UNGUARDED_AVAILABILITY = YES_AGGRESSIVE;
				CLANG_WARN_UNREACHABLE_CODE = YES;
				CLANG_WARN__DUPLICATE_METHOD_MATCH = YES;
				COPY_PHASE_STRIP = NO;
				CURRENT_PROJECT_VERSION = 1;
				DEAD_CODE_STRIPPING = YES;
				DEBUG_INFORMATION_FORMAT = dwarf;
				ENABLE_STRICT_OBJC_MSGSEND = YES;
				ENABLE_TESTABILITY = YES;
				ENABLE_USER_SCRIPT_SANDBOXING = YES;
				GCC_C_LANGUAGE_STANDARD = gnu17;
				GCC_DYNAMIC_NO_PIC = NO;
				GCC_NO_COMMON_BLOCKS = YES;
				GCC_OPTIMIZATION_LEVEL = 0;
				GCC_PREPROCESSOR_DEFINITIONS = (
					"DEBUG=1",
					"$(inherited)",
				);
				GCC_WARN_64_TO_32_BIT_CONVERSION = YES;
				GCC_WARN_ABOUT_RETURN_TYPE = YES_ERROR;
				GCC_WARN_UNDECLARED_SELECTOR = YES;
				GCC_WARN_UNINITIALIZED_AUTOS = YES_AGGRESSIVE;
				GCC_WARN_UNUSED_FUNCTION = YES;
				GCC_WARN_UNUSED_VARIABLE = YES;
				INFOPLIST_KEY_UILaunchScreen_Generation = YES;
				IPHONEOS_DEPLOYMENT_TARGET = 17.0;
				LD_RUNPATH_SEARCH_PATHS = (
					"$(inherited)",
					"@executable_path/Frameworks",
				);
				MACOSX_DEPLOYMENT_TARGET = 14.0;
				MARKETING_VERSION = 1.0.0;
				MTL_ENABLE_DEBUG_INFO = INCLUDE_SOURCE;
				MTL_FAST_MATH = YES;
				ONLY_ACTIVE_ARCH = YES;
				SDKROOT = iphoneos;
				SWIFT_ACTIVE_COMPILATION_CONDITIONS = DEBUG;
				SWIFT_OPTIMIZATION_LEVEL = "-Onone";
				SWIFT_STRICT_CONCURRENCY = complete;
				SWIFT_VERSION = 5.0;
			};
			name = Debug;
		};
		793895D42954AC000044F2B8 /* Release */ = {
			isa = XCBuildConfiguration;
			buildSettings = {
				ALWAYS_SEARCH_USER_PATHS = NO;
				ASSETCATALOG_COMPILER_GENERATE_SWIFT_ASSET_SYMBOL_EXTENSIONS = YES;
				CLANG_ANALYZER_NONNULL = YES;
				CLANG_ANALYZER_NUMBER_OBJECT_CONVERSION = YES_AGGRESSIVE;
				CLANG_CXX_LANGUAGE_STANDARD = "gnu++20";
				CLANG_ENABLE_MODULES = YES;
				CLANG_ENABLE_OBJC_ARC = YES;
				CLANG_ENABLE_OBJC_WEAK = YES;
				CLANG_WARN_BLOCK_CAPTURE_AUTORELEASING = YES;
				CLANG_WARN_BOOL_CONVERSION = YES;
				CLANG_WARN_COMMA = YES;
				CLANG_WARN_CONSTANT_CONVERSION = YES;
				CLANG_WARN_DEPRECATED_OBJC_IMPLEMENTATIONS = YES;
				CLANG_WARN_DIRECT_OBJC_ISA_USAGE = YES_ERROR;
				CLANG_WARN_DOCUMENTATION_COMMENTS = YES;
				CLANG_WARN_EMPTY_BODY = YES;
				CLANG_WARN_ENUM_CONVERSION = YES;
				CLANG_WARN_INFINITE_RECURSION = YES;
				CLANG_WARN_INT_CONVERSION = YES;
				CLANG_WARN_NON_LITERAL_NULL_CONVERSION = YES;
				CLANG_WARN_OBJC_IMPLICIT_RETAIN_SELF = YES;
				CLANG_WARN_OBJC_LITERAL_CONVERSION = YES;
				CLANG_WARN_OBJC_ROOT_CLASS = YES_ERROR;
				CLANG_WARN_QUOTED_INCLUDE_IN_FRAMEWORK_HEADER = YES;
				CLANG_WARN_RANGE_LOOP_ANALYSIS = YES;
				CLANG_WARN_STRICT_PROTOTYPES = YES;
				CLANG_WARN_SUSPICIOUS_MOVE = YES;
				CLANG_WARN_UNGUARDED_AVAILABILITY = YES_AGGRESSIVE;
				CLANG_WARN_UNREACHABLE_CODE = YES;
				CLANG_WARN__DUPLICATE_METHOD_MATCH = YES;
				COPY_PHASE_STRIP = NO;
				CURRENT_PROJECT_VERSION = 1;
				DEAD_CODE_STRIPPING = YES;
				DEBUG_INFORMATION_FORMAT = "dwarf-with-dsym";
				ENABLE_NS_ASSERTIONS = NO;
				ENABLE_STRICT_OBJC_MSGSEND = YES;
				ENABLE_USER_SCRIPT_SANDBOXING = YES;
				GCC_C_LANGUAGE_STANDARD = gnu17;
				GCC_NO_COMMON_BLOCKS = YES;
				GCC_WARN_64_TO_32_BIT_CONVERSION = YES;
				GCC_WARN_ABOUT_RETURN_TYPE = YES_ERROR;
				GCC_WARN_UNDECLARED_SELECTOR = YES;
				GCC_WARN_UNINITIALIZED_AUTOS = YES_AGGRESSIVE;
				GCC_WARN_UNUSED_FUNCTION = YES;
				GCC_WARN_UNUSED_VARIABLE = YES;
				INFOPLIST_KEY_UILaunchScreen_Generation = YES;
				IPHONEOS_DEPLOYMENT_TARGET = 17.0;
				LD_RUNPATH_SEARCH_PATHS = (
					"$(inherited)",
					"@executable_path/Frameworks",
				);
				MACOSX_DEPLOYMENT_TARGET = 14.0;
				MARKETING_VERSION = 1.0.0;
				MTL_ENABLE_DEBUG_INFO = NO;
				MTL_FAST_MATH = YES;
				SDKROOT = iphoneos;
				SWIFT_COMPILATION_MODE = wholemodule;
				SWIFT_OPTIMIZATION_LEVEL = "-O";
				SWIFT_STRICT_CONCURRENCY = complete;
				SWIFT_VERSION = 5.0;
			};
			name = Release;
		};
		793895D62954AC000044F2B8 /* Debug */ = {
			isa = XCBuildConfiguration;
			buildSettings = {
				ASSETCATALOG_COMPILER_APPICON_NAME = AppIcon;
				ASSETCATALOG_COMPILER_GLOBAL_ACCENT_COLOR_NAME = AccentColor;
				CODE_SIGN_ENTITLEMENTS = Examples/Examples.entitlements;
				CODE_SIGN_STYLE = Automatic;
				DEVELOPMENT_ASSET_PATHS = "\"Examples/Preview Content\"";
				DEVELOPMENT_TEAM = ELTTE7K8TT;
				ENABLE_HARDENED_RUNTIME = YES;
				ENABLE_PREVIEWS = YES;
				GENERATE_INFOPLIST_FILE = YES;
				INFOPLIST_FILE = Examples/Info.plist;
				INFOPLIST_KEY_UILaunchScreen_Generation = YES;
				PRODUCT_BUNDLE_IDENTIFIER = "com.supabase.swift-examples";
				PRODUCT_NAME = "$(TARGET_NAME)";
				REGISTER_APP_GROUPS = NO;
				SUPPORTED_PLATFORMS = "iphoneos iphonesimulator macosx";
				SUPPORTS_MACCATALYST = NO;
				SUPPORTS_MAC_DESIGNED_FOR_IPHONE_IPAD = NO;
				SUPPORTS_XR_DESIGNED_FOR_IPHONE_IPAD = NO;
				SWIFT_EMIT_LOC_STRINGS = YES;
				TARGETED_DEVICE_FAMILY = 1;
			};
			name = Debug;
		};
		793895D72954AC000044F2B8 /* Release */ = {
			isa = XCBuildConfiguration;
			buildSettings = {
				ASSETCATALOG_COMPILER_APPICON_NAME = AppIcon;
				ASSETCATALOG_COMPILER_GLOBAL_ACCENT_COLOR_NAME = AccentColor;
				CODE_SIGN_ENTITLEMENTS = Examples/Examples.entitlements;
				CODE_SIGN_STYLE = Automatic;
				DEVELOPMENT_ASSET_PATHS = "\"Examples/Preview Content\"";
				DEVELOPMENT_TEAM = ELTTE7K8TT;
				ENABLE_HARDENED_RUNTIME = YES;
				ENABLE_PREVIEWS = YES;
				GENERATE_INFOPLIST_FILE = YES;
				INFOPLIST_FILE = Examples/Info.plist;
				INFOPLIST_KEY_UILaunchScreen_Generation = YES;
				PRODUCT_BUNDLE_IDENTIFIER = "com.supabase.swift-examples";
				PRODUCT_NAME = "$(TARGET_NAME)";
				REGISTER_APP_GROUPS = NO;
				SUPPORTED_PLATFORMS = "iphoneos iphonesimulator macosx";
				SUPPORTS_MACCATALYST = NO;
				SUPPORTS_MAC_DESIGNED_FOR_IPHONE_IPAD = NO;
				SUPPORTS_XR_DESIGNED_FOR_IPHONE_IPAD = NO;
				SWIFT_EMIT_LOC_STRINGS = YES;
				TARGETED_DEVICE_FAMILY = 1;
			};
			name = Release;
		};
		79D884D32B3C18840009EA4A /* Debug */ = {
			isa = XCBuildConfiguration;
			buildSettings = {
				ASSETCATALOG_COMPILER_APPICON_NAME = AppIcon;
				ASSETCATALOG_COMPILER_GLOBAL_ACCENT_COLOR_NAME = AccentColor;
				CODE_SIGN_ENTITLEMENTS = SlackClone/SlackClone.entitlements;
				CODE_SIGN_STYLE = Automatic;
				CURRENT_PROJECT_VERSION = 1;
				DEVELOPMENT_ASSET_PATHS = "\"SlackClone/Preview Content\"";
				DEVELOPMENT_TEAM = ELTTE7K8TT;
				ENABLE_HARDENED_RUNTIME = YES;
				ENABLE_PREVIEWS = YES;
				GENERATE_INFOPLIST_FILE = YES;
				INFOPLIST_FILE = SlackClone/Info.plist;
				"INFOPLIST_KEY_UIApplicationSceneManifest_Generation[sdk=iphoneos*]" = YES;
				"INFOPLIST_KEY_UIApplicationSceneManifest_Generation[sdk=iphonesimulator*]" = YES;
				"INFOPLIST_KEY_UIApplicationSupportsIndirectInputEvents[sdk=iphoneos*]" = YES;
				"INFOPLIST_KEY_UIApplicationSupportsIndirectInputEvents[sdk=iphonesimulator*]" = YES;
				INFOPLIST_KEY_UILaunchScreen_Generation = YES;
				"INFOPLIST_KEY_UILaunchScreen_Generation[sdk=iphoneos*]" = YES;
				"INFOPLIST_KEY_UILaunchScreen_Generation[sdk=iphonesimulator*]" = YES;
				"INFOPLIST_KEY_UIStatusBarStyle[sdk=iphoneos*]" = UIStatusBarStyleDefault;
				"INFOPLIST_KEY_UIStatusBarStyle[sdk=iphonesimulator*]" = UIStatusBarStyleDefault;
				INFOPLIST_KEY_UISupportedInterfaceOrientations_iPad = "UIInterfaceOrientationPortrait UIInterfaceOrientationPortraitUpsideDown UIInterfaceOrientationLandscapeLeft UIInterfaceOrientationLandscapeRight";
				INFOPLIST_KEY_UISupportedInterfaceOrientations_iPhone = "UIInterfaceOrientationPortrait UIInterfaceOrientationLandscapeLeft UIInterfaceOrientationLandscapeRight";
				LD_RUNPATH_SEARCH_PATHS = "@executable_path/Frameworks";
				"LD_RUNPATH_SEARCH_PATHS[sdk=macosx*]" = "@executable_path/../Frameworks";
				LOCALIZATION_PREFERS_STRING_CATALOGS = YES;
				MARKETING_VERSION = 1.0;
				PRODUCT_BUNDLE_IDENTIFIER = "com.supabase.slack-clone";
				PRODUCT_NAME = "$(TARGET_NAME)";
				SDKROOT = auto;
				SUPPORTED_PLATFORMS = "iphoneos iphonesimulator macosx xros xrsimulator";
				SUPPORTS_MACCATALYST = NO;
				SWIFT_ACTIVE_COMPILATION_CONDITIONS = "DEBUG $(inherited)";
				SWIFT_EMIT_LOC_STRINGS = YES;
				SWIFT_VERSION = 5.0;
				TARGETED_DEVICE_FAMILY = "1,2,7";
			};
			name = Debug;
		};
		79D884D42B3C18840009EA4A /* Release */ = {
			isa = XCBuildConfiguration;
			buildSettings = {
				ASSETCATALOG_COMPILER_APPICON_NAME = AppIcon;
				ASSETCATALOG_COMPILER_GLOBAL_ACCENT_COLOR_NAME = AccentColor;
				CODE_SIGN_ENTITLEMENTS = SlackClone/SlackClone.entitlements;
				CODE_SIGN_STYLE = Automatic;
				CURRENT_PROJECT_VERSION = 1;
				DEVELOPMENT_ASSET_PATHS = "\"SlackClone/Preview Content\"";
				DEVELOPMENT_TEAM = ELTTE7K8TT;
				ENABLE_HARDENED_RUNTIME = YES;
				ENABLE_PREVIEWS = YES;
				GENERATE_INFOPLIST_FILE = YES;
				INFOPLIST_FILE = SlackClone/Info.plist;
				"INFOPLIST_KEY_UIApplicationSceneManifest_Generation[sdk=iphoneos*]" = YES;
				"INFOPLIST_KEY_UIApplicationSceneManifest_Generation[sdk=iphonesimulator*]" = YES;
				"INFOPLIST_KEY_UIApplicationSupportsIndirectInputEvents[sdk=iphoneos*]" = YES;
				"INFOPLIST_KEY_UIApplicationSupportsIndirectInputEvents[sdk=iphonesimulator*]" = YES;
				INFOPLIST_KEY_UILaunchScreen_Generation = YES;
				"INFOPLIST_KEY_UILaunchScreen_Generation[sdk=iphoneos*]" = YES;
				"INFOPLIST_KEY_UILaunchScreen_Generation[sdk=iphonesimulator*]" = YES;
				"INFOPLIST_KEY_UIStatusBarStyle[sdk=iphoneos*]" = UIStatusBarStyleDefault;
				"INFOPLIST_KEY_UIStatusBarStyle[sdk=iphonesimulator*]" = UIStatusBarStyleDefault;
				INFOPLIST_KEY_UISupportedInterfaceOrientations_iPad = "UIInterfaceOrientationPortrait UIInterfaceOrientationPortraitUpsideDown UIInterfaceOrientationLandscapeLeft UIInterfaceOrientationLandscapeRight";
				INFOPLIST_KEY_UISupportedInterfaceOrientations_iPhone = "UIInterfaceOrientationPortrait UIInterfaceOrientationLandscapeLeft UIInterfaceOrientationLandscapeRight";
				LD_RUNPATH_SEARCH_PATHS = "@executable_path/Frameworks";
				"LD_RUNPATH_SEARCH_PATHS[sdk=macosx*]" = "@executable_path/../Frameworks";
				LOCALIZATION_PREFERS_STRING_CATALOGS = YES;
				MARKETING_VERSION = 1.0;
				PRODUCT_BUNDLE_IDENTIFIER = "com.supabase.slack-clone";
				PRODUCT_NAME = "$(TARGET_NAME)";
				SDKROOT = auto;
				SUPPORTED_PLATFORMS = "iphoneos iphonesimulator macosx xros xrsimulator";
				SUPPORTS_MACCATALYST = NO;
				SWIFT_EMIT_LOC_STRINGS = YES;
				SWIFT_VERSION = 5.0;
				TARGETED_DEVICE_FAMILY = "1,2,7";
			};
			name = Release;
		};
		79FEFFB92B07873700D36347 /* Debug */ = {
			isa = XCBuildConfiguration;
			buildSettings = {
				ASSETCATALOG_COMPILER_APPICON_NAME = AppIcon;
				ASSETCATALOG_COMPILER_GENERATE_SWIFT_ASSET_SYMBOL_EXTENSIONS = YES;
				ASSETCATALOG_COMPILER_GLOBAL_ACCENT_COLOR_NAME = AccentColor;
				CODE_SIGN_ENTITLEMENTS = UserManagement/UserManagement.entitlements;
				CODE_SIGN_STYLE = Automatic;
				CURRENT_PROJECT_VERSION = 1;
				DEVELOPMENT_ASSET_PATHS = "\"UserManagement/Preview Content\"";
				DEVELOPMENT_TEAM = ELTTE7K8TT;
				ENABLE_HARDENED_RUNTIME = YES;
				ENABLE_PREVIEWS = YES;
				GENERATE_INFOPLIST_FILE = YES;
				INFOPLIST_FILE = UserManagement/Info.plist;
				"INFOPLIST_KEY_UIApplicationSceneManifest_Generation[sdk=iphoneos*]" = YES;
				"INFOPLIST_KEY_UIApplicationSceneManifest_Generation[sdk=iphonesimulator*]" = YES;
				"INFOPLIST_KEY_UIApplicationSupportsIndirectInputEvents[sdk=iphoneos*]" = YES;
				"INFOPLIST_KEY_UIApplicationSupportsIndirectInputEvents[sdk=iphonesimulator*]" = YES;
				INFOPLIST_KEY_UILaunchScreen_Generation = YES;
				"INFOPLIST_KEY_UILaunchScreen_Generation[sdk=iphoneos*]" = YES;
				"INFOPLIST_KEY_UILaunchScreen_Generation[sdk=iphonesimulator*]" = YES;
				"INFOPLIST_KEY_UIStatusBarStyle[sdk=iphoneos*]" = UIStatusBarStyleDefault;
				"INFOPLIST_KEY_UIStatusBarStyle[sdk=iphonesimulator*]" = UIStatusBarStyleDefault;
				INFOPLIST_KEY_UISupportedInterfaceOrientations_iPad = "UIInterfaceOrientationPortrait UIInterfaceOrientationPortraitUpsideDown UIInterfaceOrientationLandscapeLeft UIInterfaceOrientationLandscapeRight";
				INFOPLIST_KEY_UISupportedInterfaceOrientations_iPhone = "UIInterfaceOrientationPortrait UIInterfaceOrientationLandscapeLeft UIInterfaceOrientationLandscapeRight";
				LD_RUNPATH_SEARCH_PATHS = "@executable_path/Frameworks";
				"LD_RUNPATH_SEARCH_PATHS[sdk=macosx*]" = "@executable_path/../Frameworks";
				LOCALIZATION_PREFERS_STRING_CATALOGS = YES;
				MARKETING_VERSION = 1.0;
				PRODUCT_BUNDLE_IDENTIFIER = com.supabase.UserManagement;
				PRODUCT_NAME = "$(TARGET_NAME)";
				SDKROOT = auto;
				SUPPORTED_PLATFORMS = "iphoneos iphonesimulator macosx";
				SWIFT_ACTIVE_COMPILATION_CONDITIONS = "DEBUG $(inherited)";
				SWIFT_EMIT_LOC_STRINGS = YES;
				SWIFT_VERSION = 5.0;
				TARGETED_DEVICE_FAMILY = "1,2";
			};
			name = Debug;
		};
		79FEFFBA2B07873700D36347 /* Release */ = {
			isa = XCBuildConfiguration;
			buildSettings = {
				ASSETCATALOG_COMPILER_APPICON_NAME = AppIcon;
				ASSETCATALOG_COMPILER_GENERATE_SWIFT_ASSET_SYMBOL_EXTENSIONS = YES;
				ASSETCATALOG_COMPILER_GLOBAL_ACCENT_COLOR_NAME = AccentColor;
				CODE_SIGN_ENTITLEMENTS = UserManagement/UserManagement.entitlements;
				CODE_SIGN_STYLE = Automatic;
				CURRENT_PROJECT_VERSION = 1;
				DEVELOPMENT_ASSET_PATHS = "\"UserManagement/Preview Content\"";
				DEVELOPMENT_TEAM = ELTTE7K8TT;
				ENABLE_HARDENED_RUNTIME = YES;
				ENABLE_PREVIEWS = YES;
				GENERATE_INFOPLIST_FILE = YES;
				INFOPLIST_FILE = UserManagement/Info.plist;
				"INFOPLIST_KEY_UIApplicationSceneManifest_Generation[sdk=iphoneos*]" = YES;
				"INFOPLIST_KEY_UIApplicationSceneManifest_Generation[sdk=iphonesimulator*]" = YES;
				"INFOPLIST_KEY_UIApplicationSupportsIndirectInputEvents[sdk=iphoneos*]" = YES;
				"INFOPLIST_KEY_UIApplicationSupportsIndirectInputEvents[sdk=iphonesimulator*]" = YES;
				INFOPLIST_KEY_UILaunchScreen_Generation = YES;
				"INFOPLIST_KEY_UILaunchScreen_Generation[sdk=iphoneos*]" = YES;
				"INFOPLIST_KEY_UILaunchScreen_Generation[sdk=iphonesimulator*]" = YES;
				"INFOPLIST_KEY_UIStatusBarStyle[sdk=iphoneos*]" = UIStatusBarStyleDefault;
				"INFOPLIST_KEY_UIStatusBarStyle[sdk=iphonesimulator*]" = UIStatusBarStyleDefault;
				INFOPLIST_KEY_UISupportedInterfaceOrientations_iPad = "UIInterfaceOrientationPortrait UIInterfaceOrientationPortraitUpsideDown UIInterfaceOrientationLandscapeLeft UIInterfaceOrientationLandscapeRight";
				INFOPLIST_KEY_UISupportedInterfaceOrientations_iPhone = "UIInterfaceOrientationPortrait UIInterfaceOrientationLandscapeLeft UIInterfaceOrientationLandscapeRight";
				LD_RUNPATH_SEARCH_PATHS = "@executable_path/Frameworks";
				"LD_RUNPATH_SEARCH_PATHS[sdk=macosx*]" = "@executable_path/../Frameworks";
				LOCALIZATION_PREFERS_STRING_CATALOGS = YES;
				MARKETING_VERSION = 1.0;
				PRODUCT_BUNDLE_IDENTIFIER = com.supabase.UserManagement;
				PRODUCT_NAME = "$(TARGET_NAME)";
				SDKROOT = auto;
				SUPPORTED_PLATFORMS = "iphoneos iphonesimulator macosx";
				SWIFT_EMIT_LOC_STRINGS = YES;
				SWIFT_VERSION = 5.0;
				TARGETED_DEVICE_FAMILY = "1,2";
			};
			name = Release;
		};
/* End XCBuildConfiguration section */

/* Begin XCConfigurationList section */
		793895C12954ABFF0044F2B8 /* Build configuration list for PBXProject "Examples" */ = {
			isa = XCConfigurationList;
			buildConfigurations = (
				793895D32954AC000044F2B8 /* Debug */,
				793895D42954AC000044F2B8 /* Release */,
			);
			defaultConfigurationIsVisible = 0;
			defaultConfigurationName = Release;
		};
		793895D52954AC000044F2B8 /* Build configuration list for PBXNativeTarget "Examples" */ = {
			isa = XCConfigurationList;
			buildConfigurations = (
				793895D62954AC000044F2B8 /* Debug */,
				793895D72954AC000044F2B8 /* Release */,
			);
			defaultConfigurationIsVisible = 0;
			defaultConfigurationName = Release;
		};
		79D884D52B3C18840009EA4A /* Build configuration list for PBXNativeTarget "SlackClone" */ = {
			isa = XCConfigurationList;
			buildConfigurations = (
				79D884D32B3C18840009EA4A /* Debug */,
				79D884D42B3C18840009EA4A /* Release */,
			);
			defaultConfigurationIsVisible = 0;
			defaultConfigurationName = Release;
		};
		79FEFFB82B07873700D36347 /* Build configuration list for PBXNativeTarget "UserManagement" */ = {
			isa = XCConfigurationList;
			buildConfigurations = (
				79FEFFB92B07873700D36347 /* Debug */,
				79FEFFBA2B07873700D36347 /* Release */,
			);
			defaultConfigurationIsVisible = 0;
			defaultConfigurationName = Release;
		};
/* End XCConfigurationList section */

/* Begin XCRemoteSwiftPackageReference section */
		7956406B2955B3500088A06F /* XCRemoteSwiftPackageReference "swiftui-navigation" */ = {
			isa = XCRemoteSwiftPackageReference;
			repositoryURL = "https://github.com/pointfreeco/swiftui-navigation.git";
			requirement = {
				kind = upToNextMajorVersion;
				minimumVersion = 1.0.0;
			};
		};
		7956406E2955B5190088A06F /* XCRemoteSwiftPackageReference "swift-identified-collections" */ = {
			isa = XCRemoteSwiftPackageReference;
			repositoryURL = "https://github.com/pointfreeco/swift-identified-collections.git";
			requirement = {
				kind = upToNextMajorVersion;
				minimumVersion = 1.0.0;
			};
		};
		7962989B2AEBC6F9000AA957 /* XCRemoteSwiftPackageReference "SVGView" */ = {
			isa = XCRemoteSwiftPackageReference;
			repositoryURL = "https://github.com/exyte/SVGView";
			requirement = {
				kind = upToNextMajorVersion;
				minimumVersion = 1.0.6;
			};
		};
		79BE429F2D942EFD00B9DDF4 /* XCRemoteSwiftPackageReference "clerk-ios" */ = {
			isa = XCRemoteSwiftPackageReference;
			repositoryURL = "https://github.com/clerk/clerk-ios";
			requirement = {
				kind = upToNextMajorVersion;
				minimumVersion = 0.52.0;
			};
		};
		79E2B5562B97890F0042CD21 /* XCRemoteSwiftPackageReference "GoogleSignIn-iOS" */ = {
			isa = XCRemoteSwiftPackageReference;
			repositoryURL = "https://github.com/google/GoogleSignIn-iOS";
			requirement = {
				kind = upToNextMajorVersion;
				minimumVersion = 7.0.0;
			};
		};
/* End XCRemoteSwiftPackageReference section */

/* Begin XCSwiftPackageProductDependency section */
		7956406C2955B3500088A06F /* SwiftUINavigation */ = {
			isa = XCSwiftPackageProductDependency;
			package = 7956406B2955B3500088A06F /* XCRemoteSwiftPackageReference "swiftui-navigation" */;
			productName = SwiftUINavigation;
		};
		7956406F2955B5190088A06F /* IdentifiedCollections */ = {
			isa = XCSwiftPackageProductDependency;
			package = 7956406E2955B5190088A06F /* XCRemoteSwiftPackageReference "swift-identified-collections" */;
			productName = IdentifiedCollections;
		};
		7962989C2AEBC6F9000AA957 /* SVGView */ = {
			isa = XCSwiftPackageProductDependency;
			package = 7962989B2AEBC6F9000AA957 /* XCRemoteSwiftPackageReference "SVGView" */;
			productName = SVGView;
		};
		79719ECD2ADF26C400737804 /* Supabase */ = {
			isa = XCSwiftPackageProductDependency;
			productName = Supabase;
		};
		79B8F4232B5FED7C0000E839 /* IdentifiedCollections */ = {
			isa = XCSwiftPackageProductDependency;
			package = 7956406E2955B5190088A06F /* XCRemoteSwiftPackageReference "swift-identified-collections" */;
			productName = IdentifiedCollections;
		};
		79BE42A02D942EFD00B9DDF4 /* Clerk */ = {
			isa = XCSwiftPackageProductDependency;
			package = 79BE429F2D942EFD00B9DDF4 /* XCRemoteSwiftPackageReference "clerk-ios" */;
			productName = Clerk;
		};
		79D884D82B3C18E90009EA4A /* Supabase */ = {
			isa = XCSwiftPackageProductDependency;
			productName = Supabase;
		};
		79E2B5572B97890F0042CD21 /* GoogleSignIn */ = {
			isa = XCSwiftPackageProductDependency;
			package = 79E2B5562B97890F0042CD21 /* XCRemoteSwiftPackageReference "GoogleSignIn-iOS" */;
			productName = GoogleSignIn;
		};
		79E2B5592B97890F0042CD21 /* GoogleSignInSwift */ = {
			isa = XCSwiftPackageProductDependency;
			package = 79E2B5562B97890F0042CD21 /* XCRemoteSwiftPackageReference "GoogleSignIn-iOS" */;
			productName = GoogleSignInSwift;
		};
		79FEFFBB2B07874000D36347 /* Supabase */ = {
			isa = XCSwiftPackageProductDependency;
			productName = Supabase;
		};
/* End XCSwiftPackageProductDependency section */
	};
	rootObject = 793895BE2954ABFF0044F2B8 /* Project object */;
}
